// !$*UTF8*$!
{
	archiveVersion = 1;
	classes = {
	};
	objectVersion = 50;
	objects = {

/* Begin PBXBuildFile section */
		6F1441CE21FA3AC600AE55DE /* Globals.m in Sources */ = {isa = PBXBuildFile; fileRef = 6F143EE721FA3AC400AE55DE /* Globals.m */; };
		6F1441CF21FA3AC600AE55DE /* ScoreCounter.m in Sources */ = {isa = PBXBuildFile; fileRef = 6F143EE821FA3AC400AE55DE /* ScoreCounter.m */; };
		6F1441D021FA3AC600AE55DE /* VictoryCondition.m in Sources */ = {isa = PBXBuildFile; fileRef = 6F143EEC21FA3AC400AE55DE /* VictoryCondition.m */; };
		6F1441D121FA3AC600AE55DE /* TimeCondition.m in Sources */ = {isa = PBXBuildFile; fileRef = 6F143EEF21FA3AC400AE55DE /* TimeCondition.m */; };
		6F1441D221FA3AC600AE55DE /* MultiplayerCasualtiesCondition.m in Sources */ = {isa = PBXBuildFile; fileRef = 6F143EF021FA3AC400AE55DE /* MultiplayerCasualtiesCondition.m */; };
		6F1441D321FA3AC600AE55DE /* EscortUnitCondition.m in Sources */ = {isa = PBXBuildFile; fileRef = 6F143EF121FA3AC400AE55DE /* EscortUnitCondition.m */; };
		6F1441D421FA3AC600AE55DE /* DestroyUnitCondition.m in Sources */ = {isa = PBXBuildFile; fileRef = 6F143EF321FA3AC400AE55DE /* DestroyUnitCondition.m */; };
		6F1441D521FA3AC600AE55DE /* CasualtiesCondition.m in Sources */ = {isa = PBXBuildFile; fileRef = 6F143EF421FA3AC400AE55DE /* CasualtiesCondition.m */; };
		6F1441D621FA3AC600AE55DE /* MultiplayerTimeCondition.m in Sources */ = {isa = PBXBuildFile; fileRef = 6F143EF521FA3AC400AE55DE /* MultiplayerTimeCondition.m */; };
		6F1441D721FA3AC600AE55DE /* Scenario.m in Sources */ = {isa = PBXBuildFile; fileRef = 6F143EF721FA3AC400AE55DE /* Scenario.m */; };
		6F1441D821FA3AC600AE55DE /* HoldAllObjectivesCondition.m in Sources */ = {isa = PBXBuildFile; fileRef = 6F143EF821FA3AC400AE55DE /* HoldAllObjectivesCondition.m */; };
		6F1441D921FA3AC600AE55DE /* TutorialCondition.m in Sources */ = {isa = PBXBuildFile; fileRef = 6F143EFB21FA3AC400AE55DE /* TutorialCondition.m */; };
		6F1441DA21FA3AC600AE55DE /* Weapon.m in Sources */ = {isa = PBXBuildFile; fileRef = 6F143F0021FA3AC400AE55DE /* Weapon.m */; };
		6F1441DB21FA3AC600AE55DE /* Army.m in Sources */ = {isa = PBXBuildFile; fileRef = 6F143F0321FA3AC400AE55DE /* Army.m */; };
		6F1441DC21FA3AC600AE55DE /* UnitDefinition.m in Sources */ = {isa = PBXBuildFile; fileRef = 6F143F0621FA3AC400AE55DE /* UnitDefinition.m */; };
		6F1441DD21FA3AC600AE55DE /* Path.m in Sources */ = {isa = PBXBuildFile; fileRef = 6F143F0721FA3AC400AE55DE /* Path.m */; };
		6F1441DE21FA3AC600AE55DE /* Organization.m in Sources */ = {isa = PBXBuildFile; fileRef = 6F143F0821FA3AC400AE55DE /* Organization.m */; };
		6F1441DF21FA3AC600AE55DE /* Unit.m in Sources */ = {isa = PBXBuildFile; fileRef = 6F143F0A21FA3AC400AE55DE /* Unit.m */; };
		6F1441E021FA3AC600AE55DE /* Definitions.m in Sources */ = {isa = PBXBuildFile; fileRef = 6F143F0B21FA3AC400AE55DE /* Definitions.m */; };
		6F1441E121FA3AC600AE55DE /* AreaFireMission.m in Sources */ = {isa = PBXBuildFile; fileRef = 6F143F1021FA3AC400AE55DE /* AreaFireMission.m */; };
		6F1441E321FA3AC600AE55DE /* FireMission.m in Sources */ = {isa = PBXBuildFile; fileRef = 6F143F1321FA3AC400AE55DE /* FireMission.m */; };
		6F1441E421FA3AC600AE55DE /* CombatMission.m in Sources */ = {isa = PBXBuildFile; fileRef = 6F143F1421FA3AC400AE55DE /* CombatMission.m */; };
		6F1441E521FA3AC600AE55DE /* IdleMission.m in Sources */ = {isa = PBXBuildFile; fileRef = 6F143F1C21FA3AC400AE55DE /* IdleMission.m */; };
		6F1441E621FA3AC600AE55DE /* Mission.m in Sources */ = {isa = PBXBuildFile; fileRef = 6F143F1D21FA3AC400AE55DE /* Mission.m */; };
		6F1441E721FA3AC600AE55DE /* RotateMission.m in Sources */ = {isa = PBXBuildFile; fileRef = 6F143F1E21FA3AC400AE55DE /* RotateMission.m */; };
		6F1441E821FA3AC600AE55DE /* MeleeMission.m in Sources */ = {isa = PBXBuildFile; fileRef = 6F143F2221FA3AC400AE55DE /* MeleeMission.m */; };
		6F1441E921FA3AC600AE55DE /* RoutMission.m in Sources */ = {isa = PBXBuildFile; fileRef = 6F143F2521FA3AC400AE55DE /* RoutMission.m */; };
		6F1441EA21FA3AC600AE55DE /* ChangeModeMission.m in Sources */ = {isa = PBXBuildFile; fileRef = 6F143F2721FA3AC400AE55DE /* ChangeModeMission.m */; };
		6F1441EB21FA3AC600AE55DE /* AdvanceMission.m in Sources */ = {isa = PBXBuildFile; fileRef = 6F143F2821FA3AC400AE55DE /* AdvanceMission.m */; };
		6F1441EC21FA3AC600AE55DE /* MoveMission.m in Sources */ = {isa = PBXBuildFile; fileRef = 6F143F2921FA3AC400AE55DE /* MoveMission.m */; };
		6F1441ED21FA3AC600AE55DE /* AssaultMission.m in Sources */ = {isa = PBXBuildFile; fileRef = 6F143F2B21FA3AC400AE55DE /* AssaultMission.m */; };
		6F1441EE21FA3AC600AE55DE /* RetreatMission.m in Sources */ = {isa = PBXBuildFile; fileRef = 6F143F2C21FA3AC400AE55DE /* RetreatMission.m */; };
		6F1441EF21FA3AC600AE55DE /* RallyMission.m in Sources */ = {isa = PBXBuildFile; fileRef = 6F143F2D21FA3AC400AE55DE /* RallyMission.m */; };
		6F1441F021FA3AC600AE55DE /* SmokeMission.m in Sources */ = {isa = PBXBuildFile; fileRef = 6F143F2E21FA3AC400AE55DE /* SmokeMission.m */; };
		6F1441F121FA3AC600AE55DE /* MoveFastMission.m in Sources */ = {isa = PBXBuildFile; fileRef = 6F143F3021FA3AC400AE55DE /* MoveFastMission.m */; };
		6F1441F221FA3AC600AE55DE /* ScoutMission.m in Sources */ = {isa = PBXBuildFile; fileRef = 6F143F3121FA3AC400AE55DE /* ScoutMission.m */; };
		6F1441F321FA3AC600AE55DE /* DisorganizedMission.m in Sources */ = {isa = PBXBuildFile; fileRef = 6F143F3221FA3AC400AE55DE /* DisorganizedMission.m */; };
		6F1441F421FA3AC600AE55DE /* LineOfSight.m in Sources */ = {isa = PBXBuildFile; fileRef = 6F143F3921FA3AC500AE55DE /* LineOfSight.m */; };
		6F1441F521FA3AC600AE55DE /* LineOfSightData.m in Sources */ = {isa = PBXBuildFile; fileRef = 6F143F3A21FA3AC500AE55DE /* LineOfSightData.m */; };
		6F1441F621FA3AC600AE55DE /* Engine.m in Sources */ = {isa = PBXBuildFile; fileRef = 6F143F3B21FA3AC500AE55DE /* Engine.m */; };
		6F1441F821FA3AC600AE55DE /* ResultLayer.m in Sources */ = {isa = PBXBuildFile; fileRef = 6F143F4121FA3AC500AE55DE /* ResultLayer.m */; };
		6F1441F921FA3AC600AE55DE /* TerrainLayer.m in Sources */ = {isa = PBXBuildFile; fileRef = 6F143F4221FA3AC500AE55DE /* TerrainLayer.m */; };
		6F1441FA21FA3AC600AE55DE /* PotentialField.m in Sources */ = {isa = PBXBuildFile; fileRef = 6F143F4421FA3AC500AE55DE /* PotentialField.m */; };
		6F1441FB21FA3AC600AE55DE /* FrontLayer.m in Sources */ = {isa = PBXBuildFile; fileRef = 6F143F4721FA3AC500AE55DE /* FrontLayer.m */; };
		6F1441FC21FA3AC600AE55DE /* OwnUnitsLayer.m in Sources */ = {isa = PBXBuildFile; fileRef = 6F143F4B21FA3AC500AE55DE /* OwnUnitsLayer.m */; };
		6F1441FD21FA3AC600AE55DE /* PotentialFieldLayer.m in Sources */ = {isa = PBXBuildFile; fileRef = 6F143F4D21FA3AC500AE55DE /* PotentialFieldLayer.m */; };
		6F1441FE21FA3AC600AE55DE /* EnemyLayer.m in Sources */ = {isa = PBXBuildFile; fileRef = 6F143F4E21FA3AC500AE55DE /* EnemyLayer.m */; };
		6F1441FF21FA3AC600AE55DE /* ObjectivesLayer.m in Sources */ = {isa = PBXBuildFile; fileRef = 6F143F5021FA3AC500AE55DE /* ObjectivesLayer.m */; };
		6F14420021FA3AC600AE55DE /* AI.m in Sources */ = {isa = PBXBuildFile; fileRef = 6F143F5121FA3AC500AE55DE /* AI.m */; };
		6F14420121FA3AC600AE55DE /* PathFinder.m in Sources */ = {isa = PBXBuildFile; fileRef = 6F143F5321FA3AC500AE55DE /* PathFinder.m */; };
		6F14420221FA3AC600AE55DE /* PathNodePriorityQueue.m in Sources */ = {isa = PBXBuildFile; fileRef = 6F143F5621FA3AC500AE55DE /* PathNodePriorityQueue.m */; };
		6F14420421FA3AC600AE55DE /* InfluenceMap.m in Sources */ = {isa = PBXBuildFile; fileRef = 6F143F5C21FA3AC500AE55DE /* InfluenceMap.m */; };
		6F14420521FA3AC600AE55DE /* InfluenceMapNode.m in Sources */ = {isa = PBXBuildFile; fileRef = 6F143F5E21FA3AC500AE55DE /* InfluenceMapNode.m */; };
		6F14420621FA3AC600AE55DE /* GoalMap.m in Sources */ = {isa = PBXBuildFile; fileRef = 6F143F6321FA3AC500AE55DE /* GoalMap.m */; };
		6F14420721FA3AC600AE55DE /* VulnerabilityMap.m in Sources */ = {isa = PBXBuildFile; fileRef = 6F143F6421FA3AC500AE55DE /* VulnerabilityMap.m */; };
		6F14420821FA3AC600AE55DE /* ResultMap.m in Sources */ = {isa = PBXBuildFile; fileRef = 6F143F6521FA3AC500AE55DE /* ResultMap.m */; };
		6F14420921FA3AC600AE55DE /* ObjectivesMap.m in Sources */ = {isa = PBXBuildFile; fileRef = 6F143F6621FA3AC500AE55DE /* ObjectivesMap.m */; };
		6F14420A21FA3AC600AE55DE /* TensionMap.m in Sources */ = {isa = PBXBuildFile; fileRef = 6F143F6721FA3AC500AE55DE /* TensionMap.m */; };
		6F14420B21FA3AC600AE55DE /* FrontlineMap.m in Sources */ = {isa = PBXBuildFile; fileRef = 6F143F6A21FA3AC500AE55DE /* FrontlineMap.m */; };
		6F14420C21FA3AC600AE55DE /* MapBase.m in Sources */ = {isa = PBXBuildFile; fileRef = 6F143F6B21FA3AC500AE55DE /* MapBase.m */; };
		6F14420D21FA3AC600AE55DE /* UnitStrengthMap.m in Sources */ = {isa = PBXBuildFile; fileRef = 6F143F6C21FA3AC500AE55DE /* UnitStrengthMap.m */; };
		6F14420E21FA3AC600AE55DE /* InfluenceMapContainer.m in Sources */ = {isa = PBXBuildFile; fileRef = 6F143F6D21FA3AC500AE55DE /* InfluenceMapContainer.m */; };
		6F1442CE21FA3AC600AE55DE /* Player.m in Sources */ = {isa = PBXBuildFile; fileRef = 6F14410F21FA3AC500AE55DE /* Player.m */; };
		6F1442CF21FA3AC600AE55DE /* ParameterHandler.m in Sources */ = {isa = PBXBuildFile; fileRef = 6F14411121FA3AC500AE55DE /* ParameterHandler.m */; };
		6F1442DA21FA3AC600AE55DE /* Clock.m in Sources */ = {isa = PBXBuildFile; fileRef = 6F14412B21FA3AC500AE55DE /* Clock.m */; };
		6F1442E721FA3AC600AE55DE /* NSData+Compression.m in Sources */ = {isa = PBXBuildFile; fileRef = 6F14414621FA3AC500AE55DE /* NSData+Compression.m */; };
		6F1442E821FA3AC600AE55DE /* ScenarioIndexParser.m in Sources */ = {isa = PBXBuildFile; fileRef = 6F14414721FA3AC500AE55DE /* ScenarioIndexParser.m */; };
		6F1442E921FA3AC600AE55DE /* ScenarioReader.m in Sources */ = {isa = PBXBuildFile; fileRef = 6F14414821FA3AC500AE55DE /* ScenarioReader.m */; };
		6F1442EA21FA3AC600AE55DE /* GameSerializer.m in Sources */ = {isa = PBXBuildFile; fileRef = 6F14414921FA3AC500AE55DE /* GameSerializer.m */; };
		6F1442EB21FA3AC600AE55DE /* MapReader.m in Sources */ = {isa = PBXBuildFile; fileRef = 6F14414B21FA3AC500AE55DE /* MapReader.m */; };
		6F1442EC21FA3AC600AE55DE /* ResourceDownloader.m in Sources */ = {isa = PBXBuildFile; fileRef = 6F14414D21FA3AC500AE55DE /* ResourceDownloader.m */; };
		6F1442ED21FA3AC600AE55DE /* ResourceHandler.m in Sources */ = {isa = PBXBuildFile; fileRef = 6F14415121FA3AC500AE55DE /* ResourceHandler.m */; };
		6F1442EE21FA3AC600AE55DE /* PlayerPingPacket.m in Sources */ = {isa = PBXBuildFile; fileRef = 6F14416321FA3AC500AE55DE /* PlayerPingPacket.m */; };
		6F1442EF21FA3AC600AE55DE /* PlayerPongPacket.m in Sources */ = {isa = PBXBuildFile; fileRef = 6F14416521FA3AC500AE55DE /* PlayerPongPacket.m */; };
		6F1442F021FA3AC600AE55DE /* UnitStatsPacket.m in Sources */ = {isa = PBXBuildFile; fileRef = 6F14416621FA3AC500AE55DE /* UnitStatsPacket.m */; };
		6F1442F121FA3AC600AE55DE /* MeleePacket.m in Sources */ = {isa = PBXBuildFile; fileRef = 6F14416921FA3AC500AE55DE /* MeleePacket.m */; };
		6F1442F221FA3AC600AE55DE /* MissionPacket.m in Sources */ = {isa = PBXBuildFile; fileRef = 6F14416D21FA3AC500AE55DE /* MissionPacket.m */; };
		6F1442F321FA3AC600AE55DE /* SmokePacket.m in Sources */ = {isa = PBXBuildFile; fileRef = 6F14417021FA3AC500AE55DE /* SmokePacket.m */; };
		6F1442F421FA3AC600AE55DE /* SetMissionPacket.m in Sources */ = {isa = PBXBuildFile; fileRef = 6F14417121FA3AC500AE55DE /* SetMissionPacket.m */; };
		6F1442F521FA3AC600AE55DE /* FirePacket.m in Sources */ = {isa = PBXBuildFile; fileRef = 6F14417421FA3AC500AE55DE /* FirePacket.m */; };
		6F1442F621FA3AC600AE55DE /* ServerPingPacket.m in Sources */ = {isa = PBXBuildFile; fileRef = 6F14417521FA3AC500AE55DE /* ServerPingPacket.m */; };
		6F1442F721FA3AC600AE55DE /* UdpPacket.m in Sources */ = {isa = PBXBuildFile; fileRef = 6F14417621FA3AC500AE55DE /* UdpPacket.m */; };
		6F1442F821FA3AC600AE55DE /* UdpNetworkHandler.m in Sources */ = {isa = PBXBuildFile; fileRef = 6F14417821FA3AC500AE55DE /* UdpNetworkHandler.m */; };
		6F1442F921FA3AC600AE55DE /* HostedGame.m in Sources */ = {isa = PBXBuildFile; fileRef = 6F14417921FA3AC500AE55DE /* HostedGame.m */; };
		6F1442FA21FA3AC600AE55DE /* TcpNetworkHandler.m in Sources */ = {isa = PBXBuildFile; fileRef = 6F14417B21FA3AC500AE55DE /* TcpNetworkHandler.m */; };
		6F1442FB21FA3AC600AE55DE /* AnnouncePacket.m in Sources */ = {isa = PBXBuildFile; fileRef = 6F14417D21FA3AC500AE55DE /* AnnouncePacket.m */; };
		6F1442FC21FA3AC600AE55DE /* WindPacket.m in Sources */ = {isa = PBXBuildFile; fileRef = 6F14417E21FA3AC500AE55DE /* WindPacket.m */; };
		6F1442FD21FA3AC600AE55DE /* ReadyToStartPacket.m in Sources */ = {isa = PBXBuildFile; fileRef = 6F14417F21FA3AC500AE55DE /* ReadyToStartPacket.m */; };
		6F1442FE21FA3AC600AE55DE /* GameEndedPacket.m in Sources */ = {isa = PBXBuildFile; fileRef = 6F14418621FA3AC500AE55DE /* GameEndedPacket.m */; };
		6F1442FF21FA3AC600AE55DE /* SetupUnitsPacket.m in Sources */ = {isa = PBXBuildFile; fileRef = 6F14418821FA3AC500AE55DE /* SetupUnitsPacket.m */; };
		6F14430021FA3AC600AE55DE /* JoinPacket.m in Sources */ = {isa = PBXBuildFile; fileRef = 6F14418C21FA3AC500AE55DE /* JoinPacket.m */; };
		6F14430121FA3AC600AE55DE /* LoginPacket.m in Sources */ = {isa = PBXBuildFile; fileRef = 6F14418D21FA3AC500AE55DE /* LoginPacket.m */; };
		6F14430221FA3AC600AE55DE /* KeepAlivePacket.m in Sources */ = {isa = PBXBuildFile; fileRef = 6F14418E21FA3AC500AE55DE /* KeepAlivePacket.m */; };
		6F14430321FA3AC600AE55DE /* LeavePacket.m in Sources */ = {isa = PBXBuildFile; fileRef = 6F14418F21FA3AC500AE55DE /* LeavePacket.m */; };
		6F14430421FA3AC600AE55DE /* TcpPacket.m in Sources */ = {isa = PBXBuildFile; fileRef = 6F14419021FA3AC500AE55DE /* TcpPacket.m */; };
		6F14430C21FA3AC600AE55DE /* PolygonNode.m in Sources */ = {isa = PBXBuildFile; fileRef = 6F1441A121FA3AC600AE55DE /* PolygonNode.m */; };
		6F14431121FA3AC600AE55DE /* House.m in Sources */ = {isa = PBXBuildFile; fileRef = 6F1441B421FA3AC600AE55DE /* House.m */; };
		6F14431221FA3AC600AE55DE /* BaseTerrain.m in Sources */ = {isa = PBXBuildFile; fileRef = 6F1441B821FA3AC600AE55DE /* BaseTerrain.m */; };
		6F14431321FA3AC600AE55DE /* VertexList.m in Sources */ = {isa = PBXBuildFile; fileRef = 6F1441BB21FA3AC600AE55DE /* VertexList.m */; };
		6F14431421FA3AC600AE55DE /* HitPosition.m in Sources */ = {isa = PBXBuildFile; fileRef = 6F1441BC21FA3AC600AE55DE /* HitPosition.m */; };
		6F14431521FA3AC600AE55DE /* Triangularizer.m in Sources */ = {isa = PBXBuildFile; fileRef = 6F1441BE21FA3AC600AE55DE /* Triangularizer.m */; };
		6F14431721FA3AC600AE55DE /* Map.m in Sources */ = {isa = PBXBuildFile; fileRef = 6F1441C421FA3AC600AE55DE /* Map.m */; };
		6F14431921FA3AC600AE55DE /* AttackResult.m in Sources */ = {isa = PBXBuildFile; fileRef = 6F1441C621FA3AC600AE55DE /* AttackResult.m */; };
		6F14431B21FA3AC600AE55DE /* Objective.m in Sources */ = {isa = PBXBuildFile; fileRef = 6F1441C921FA3AC600AE55DE /* Objective.m */; };
		6F14431C21FA3AC600AE55DE /* Message.m in Sources */ = {isa = PBXBuildFile; fileRef = 6F1441CA21FA3AC600AE55DE /* Message.m */; };
		6F14431D21FA3AC600AE55DE /* main.m in Sources */ = {isa = PBXBuildFile; fileRef = 6F1441CC21FA3AC600AE55DE /* main.m */; };
		6F14431E21FA3AC600AE55DE /* ParameterDefinitions.m in Sources */ = {isa = PBXBuildFile; fileRef = 6F1441CD21FA3AC600AE55DE /* ParameterDefinitions.m */; };
		6F14432221FE16F100AE55DE /* Smoke.m in Sources */ = {isa = PBXBuildFile; fileRef = 6F14432121FE16F100AE55DE /* Smoke.m */; };
		6F14432721FE18B600AE55DE /* CGPointExtension.m in Sources */ = {isa = PBXBuildFile; fileRef = 6F14432521FE18B600AE55DE /* CGPointExtension.m */; };
/* End PBXBuildFile section */

/* Begin PBXCopyFilesBuildPhase section */
		6F143EDB21FA3A3200AE55DE /* CopyFiles */ = {
			isa = PBXCopyFilesBuildPhase;
			buildActionMask = 2147483647;
			dstPath = /usr/share/man/man1/;
			dstSubfolderSpec = 0;
			files = (
			);
			runOnlyForDeploymentPostprocessing = 1;
		};
/* End PBXCopyFilesBuildPhase section */

/* Begin PBXFileReference section */
		6F143EDD21FA3A3200AE55DE /* imperium-server */ = {isa = PBXFileReference; explicitFileType = "compiled.mach-o.executable"; includeInIndex = 0; path = "imperium-server"; sourceTree = BUILT_PRODUCTS_DIR; };
		6F143EE721FA3AC400AE55DE /* Globals.m */ = {isa = PBXFileReference; fileEncoding = 4; lastKnownFileType = sourcecode.c.objc; path = Globals.m; sourceTree = "<group>"; };
		6F143EE821FA3AC400AE55DE /* ScoreCounter.m */ = {isa = PBXFileReference; fileEncoding = 4; lastKnownFileType = sourcecode.c.objc; path = ScoreCounter.m; sourceTree = "<group>"; };
		6F143EEA21FA3AC400AE55DE /* HoldAllObjectivesCondition.h */ = {isa = PBXFileReference; fileEncoding = 4; lastKnownFileType = sourcecode.c.h; path = HoldAllObjectivesCondition.h; sourceTree = "<group>"; };
		6F143EEB21FA3AC400AE55DE /* Scenario.h */ = {isa = PBXFileReference; fileEncoding = 4; lastKnownFileType = sourcecode.c.h; path = Scenario.h; sourceTree = "<group>"; };
		6F143EEC21FA3AC400AE55DE /* VictoryCondition.m */ = {isa = PBXFileReference; fileEncoding = 4; lastKnownFileType = sourcecode.c.objc; path = VictoryCondition.m; sourceTree = "<group>"; };
		6F143EED21FA3AC400AE55DE /* MultiplayerTimeCondition.h */ = {isa = PBXFileReference; fileEncoding = 4; lastKnownFileType = sourcecode.c.h; path = MultiplayerTimeCondition.h; sourceTree = "<group>"; };
		6F143EEE21FA3AC400AE55DE /* CasualtiesCondition.h */ = {isa = PBXFileReference; fileEncoding = 4; lastKnownFileType = sourcecode.c.h; path = CasualtiesCondition.h; sourceTree = "<group>"; };
		6F143EEF21FA3AC400AE55DE /* TimeCondition.m */ = {isa = PBXFileReference; fileEncoding = 4; lastKnownFileType = sourcecode.c.objc; path = TimeCondition.m; sourceTree = "<group>"; };
		6F143EF021FA3AC400AE55DE /* MultiplayerCasualtiesCondition.m */ = {isa = PBXFileReference; fileEncoding = 4; lastKnownFileType = sourcecode.c.objc; path = MultiplayerCasualtiesCondition.m; sourceTree = "<group>"; };
		6F143EF121FA3AC400AE55DE /* EscortUnitCondition.m */ = {isa = PBXFileReference; fileEncoding = 4; lastKnownFileType = sourcecode.c.objc; path = EscortUnitCondition.m; sourceTree = "<group>"; };
		6F143EF221FA3AC400AE55DE /* TutorialCondition.h */ = {isa = PBXFileReference; fileEncoding = 4; lastKnownFileType = sourcecode.c.h; path = TutorialCondition.h; sourceTree = "<group>"; };
		6F143EF321FA3AC400AE55DE /* DestroyUnitCondition.m */ = {isa = PBXFileReference; fileEncoding = 4; lastKnownFileType = sourcecode.c.objc; path = DestroyUnitCondition.m; sourceTree = "<group>"; };
		6F143EF421FA3AC400AE55DE /* CasualtiesCondition.m */ = {isa = PBXFileReference; fileEncoding = 4; lastKnownFileType = sourcecode.c.objc; path = CasualtiesCondition.m; sourceTree = "<group>"; };
		6F143EF521FA3AC400AE55DE /* MultiplayerTimeCondition.m */ = {isa = PBXFileReference; fileEncoding = 4; lastKnownFileType = sourcecode.c.objc; path = MultiplayerTimeCondition.m; sourceTree = "<group>"; };
		6F143EF621FA3AC400AE55DE /* VictoryCondition.h */ = {isa = PBXFileReference; fileEncoding = 4; lastKnownFileType = sourcecode.c.h; path = VictoryCondition.h; sourceTree = "<group>"; };
		6F143EF721FA3AC400AE55DE /* Scenario.m */ = {isa = PBXFileReference; fileEncoding = 4; lastKnownFileType = sourcecode.c.objc; path = Scenario.m; sourceTree = "<group>"; };
		6F143EF821FA3AC400AE55DE /* HoldAllObjectivesCondition.m */ = {isa = PBXFileReference; fileEncoding = 4; lastKnownFileType = sourcecode.c.objc; path = HoldAllObjectivesCondition.m; sourceTree = "<group>"; };
		6F143EF921FA3AC400AE55DE /* MultiplayerCasualtiesCondition.h */ = {isa = PBXFileReference; fileEncoding = 4; lastKnownFileType = sourcecode.c.h; path = MultiplayerCasualtiesCondition.h; sourceTree = "<group>"; };
		6F143EFA21FA3AC400AE55DE /* TimeCondition.h */ = {isa = PBXFileReference; fileEncoding = 4; lastKnownFileType = sourcecode.c.h; path = TimeCondition.h; sourceTree = "<group>"; };
		6F143EFB21FA3AC400AE55DE /* TutorialCondition.m */ = {isa = PBXFileReference; fileEncoding = 4; lastKnownFileType = sourcecode.c.objc; path = TutorialCondition.m; sourceTree = "<group>"; };
		6F143EFC21FA3AC400AE55DE /* DestroyUnitCondition.h */ = {isa = PBXFileReference; fileEncoding = 4; lastKnownFileType = sourcecode.c.h; path = DestroyUnitCondition.h; sourceTree = "<group>"; };
		6F143EFD21FA3AC400AE55DE /* EscortUnitCondition.h */ = {isa = PBXFileReference; fileEncoding = 4; lastKnownFileType = sourcecode.c.h; path = EscortUnitCondition.h; sourceTree = "<group>"; };
		6F143EFF21FA3AC400AE55DE /* UnitDefinition.h */ = {isa = PBXFileReference; fileEncoding = 4; lastKnownFileType = sourcecode.c.h; path = UnitDefinition.h; sourceTree = "<group>"; };
		6F143F0021FA3AC400AE55DE /* Weapon.m */ = {isa = PBXFileReference; fileEncoding = 4; lastKnownFileType = sourcecode.c.objc; path = Weapon.m; sourceTree = "<group>"; };
		6F143F0121FA3AC400AE55DE /* Organization.h */ = {isa = PBXFileReference; fileEncoding = 4; lastKnownFileType = sourcecode.c.h; path = Organization.h; sourceTree = "<group>"; };
		6F143F0221FA3AC400AE55DE /* Path.h */ = {isa = PBXFileReference; fileEncoding = 4; lastKnownFileType = sourcecode.c.h; path = Path.h; sourceTree = "<group>"; };
		6F143F0321FA3AC400AE55DE /* Army.m */ = {isa = PBXFileReference; fileEncoding = 4; lastKnownFileType = sourcecode.c.objc; path = Army.m; sourceTree = "<group>"; };
		6F143F0421FA3AC400AE55DE /* Unit.h */ = {isa = PBXFileReference; fileEncoding = 4; lastKnownFileType = sourcecode.c.h; path = Unit.h; sourceTree = "<group>"; };
		6F143F0521FA3AC400AE55DE /* Weapon.h */ = {isa = PBXFileReference; fileEncoding = 4; lastKnownFileType = sourcecode.c.h; path = Weapon.h; sourceTree = "<group>"; };
		6F143F0621FA3AC400AE55DE /* UnitDefinition.m */ = {isa = PBXFileReference; fileEncoding = 4; lastKnownFileType = sourcecode.c.objc; path = UnitDefinition.m; sourceTree = "<group>"; };
		6F143F0721FA3AC400AE55DE /* Path.m */ = {isa = PBXFileReference; fileEncoding = 4; lastKnownFileType = sourcecode.c.objc; path = Path.m; sourceTree = "<group>"; };
		6F143F0821FA3AC400AE55DE /* Organization.m */ = {isa = PBXFileReference; fileEncoding = 4; lastKnownFileType = sourcecode.c.objc; path = Organization.m; sourceTree = "<group>"; };
		6F143F0921FA3AC400AE55DE /* Army.h */ = {isa = PBXFileReference; fileEncoding = 4; lastKnownFileType = sourcecode.c.h; path = Army.h; sourceTree = "<group>"; };
		6F143F0A21FA3AC400AE55DE /* Unit.m */ = {isa = PBXFileReference; fileEncoding = 4; lastKnownFileType = sourcecode.c.objc; path = Unit.m; sourceTree = "<group>"; };
		6F143F0B21FA3AC400AE55DE /* Definitions.m */ = {isa = PBXFileReference; fileEncoding = 4; lastKnownFileType = sourcecode.c.objc; path = Definitions.m; sourceTree = "<group>"; };
		6F143F0C21FA3AC400AE55DE /* Player.h */ = {isa = PBXFileReference; fileEncoding = 4; lastKnownFileType = sourcecode.c.h; path = Player.h; sourceTree = "<group>"; };
		6F143F0D21FA3AC400AE55DE /* Globals.h */ = {isa = PBXFileReference; fileEncoding = 4; lastKnownFileType = sourcecode.c.h; path = Globals.h; sourceTree = "<group>"; };
		6F143F1021FA3AC400AE55DE /* AreaFireMission.m */ = {isa = PBXFileReference; fileEncoding = 4; lastKnownFileType = sourcecode.c.objc; path = AreaFireMission.m; sourceTree = "<group>"; };
		6F143F1221FA3AC400AE55DE /* RoutMission.h */ = {isa = PBXFileReference; fileEncoding = 4; lastKnownFileType = sourcecode.c.h; path = RoutMission.h; sourceTree = "<group>"; };
		6F143F1321FA3AC400AE55DE /* FireMission.m */ = {isa = PBXFileReference; fileEncoding = 4; lastKnownFileType = sourcecode.c.objc; path = FireMission.m; sourceTree = "<group>"; };
		6F143F1421FA3AC400AE55DE /* CombatMission.m */ = {isa = PBXFileReference; fileEncoding = 4; lastKnownFileType = sourcecode.c.objc; path = CombatMission.m; sourceTree = "<group>"; };
		6F143F1521FA3AC400AE55DE /* MoveMission.h */ = {isa = PBXFileReference; fileEncoding = 4; lastKnownFileType = sourcecode.c.h; path = MoveMission.h; sourceTree = "<group>"; };
		6F143F1621FA3AC400AE55DE /* AdvanceMission.h */ = {isa = PBXFileReference; fileEncoding = 4; lastKnownFileType = sourcecode.c.h; path = AdvanceMission.h; sourceTree = "<group>"; };
		6F143F1721FA3AC400AE55DE /* ChangeModeMission.h */ = {isa = PBXFileReference; fileEncoding = 4; lastKnownFileType = sourcecode.c.h; path = ChangeModeMission.h; sourceTree = "<group>"; };
		6F143F1821FA3AC400AE55DE /* SmokeMission.h */ = {isa = PBXFileReference; fileEncoding = 4; lastKnownFileType = sourcecode.c.h; path = SmokeMission.h; sourceTree = "<group>"; };
		6F143F1921FA3AC400AE55DE /* RallyMission.h */ = {isa = PBXFileReference; fileEncoding = 4; lastKnownFileType = sourcecode.c.h; path = RallyMission.h; sourceTree = "<group>"; };
		6F143F1A21FA3AC400AE55DE /* AssaultMission.h */ = {isa = PBXFileReference; fileEncoding = 4; lastKnownFileType = sourcecode.c.h; path = AssaultMission.h; sourceTree = "<group>"; };
		6F143F1B21FA3AC400AE55DE /* RetreatMission.h */ = {isa = PBXFileReference; fileEncoding = 4; lastKnownFileType = sourcecode.c.h; path = RetreatMission.h; sourceTree = "<group>"; };
		6F143F1C21FA3AC400AE55DE /* IdleMission.m */ = {isa = PBXFileReference; fileEncoding = 4; lastKnownFileType = sourcecode.c.objc; path = IdleMission.m; sourceTree = "<group>"; };
		6F143F1D21FA3AC400AE55DE /* Mission.m */ = {isa = PBXFileReference; fileEncoding = 4; lastKnownFileType = sourcecode.c.objc; path = Mission.m; sourceTree = "<group>"; };
		6F143F1E21FA3AC400AE55DE /* RotateMission.m */ = {isa = PBXFileReference; fileEncoding = 4; lastKnownFileType = sourcecode.c.objc; path = RotateMission.m; sourceTree = "<group>"; };
		6F143F1F21FA3AC400AE55DE /* DisorganizedMission.h */ = {isa = PBXFileReference; fileEncoding = 4; lastKnownFileType = sourcecode.c.h; path = DisorganizedMission.h; sourceTree = "<group>"; };
		6F143F2021FA3AC400AE55DE /* ScoutMission.h */ = {isa = PBXFileReference; fileEncoding = 4; lastKnownFileType = sourcecode.c.h; path = ScoutMission.h; sourceTree = "<group>"; };
		6F143F2121FA3AC400AE55DE /* MoveFastMission.h */ = {isa = PBXFileReference; fileEncoding = 4; lastKnownFileType = sourcecode.c.h; path = MoveFastMission.h; sourceTree = "<group>"; };
		6F143F2221FA3AC400AE55DE /* MeleeMission.m */ = {isa = PBXFileReference; fileEncoding = 4; lastKnownFileType = sourcecode.c.objc; path = MeleeMission.m; sourceTree = "<group>"; };
		6F143F2321FA3AC400AE55DE /* FireMission.h */ = {isa = PBXFileReference; fileEncoding = 4; lastKnownFileType = sourcecode.c.h; path = FireMission.h; sourceTree = "<group>"; };
		6F143F2521FA3AC400AE55DE /* RoutMission.m */ = {isa = PBXFileReference; fileEncoding = 4; lastKnownFileType = sourcecode.c.objc; path = RoutMission.m; sourceTree = "<group>"; };
		6F143F2621FA3AC400AE55DE /* AreaFireMission.h */ = {isa = PBXFileReference; fileEncoding = 4; lastKnownFileType = sourcecode.c.h; path = AreaFireMission.h; sourceTree = "<group>"; };
		6F143F2721FA3AC400AE55DE /* ChangeModeMission.m */ = {isa = PBXFileReference; fileEncoding = 4; lastKnownFileType = sourcecode.c.objc; path = ChangeModeMission.m; sourceTree = "<group>"; };
		6F143F2821FA3AC400AE55DE /* AdvanceMission.m */ = {isa = PBXFileReference; fileEncoding = 4; lastKnownFileType = sourcecode.c.objc; path = AdvanceMission.m; sourceTree = "<group>"; };
		6F143F2921FA3AC400AE55DE /* MoveMission.m */ = {isa = PBXFileReference; fileEncoding = 4; lastKnownFileType = sourcecode.c.objc; path = MoveMission.m; sourceTree = "<group>"; };
		6F143F2A21FA3AC400AE55DE /* CombatMission.h */ = {isa = PBXFileReference; fileEncoding = 4; lastKnownFileType = sourcecode.c.h; path = CombatMission.h; sourceTree = "<group>"; };
		6F143F2B21FA3AC400AE55DE /* AssaultMission.m */ = {isa = PBXFileReference; fileEncoding = 4; lastKnownFileType = sourcecode.c.objc; path = AssaultMission.m; sourceTree = "<group>"; };
		6F143F2C21FA3AC400AE55DE /* RetreatMission.m */ = {isa = PBXFileReference; fileEncoding = 4; lastKnownFileType = sourcecode.c.objc; path = RetreatMission.m; sourceTree = "<group>"; };
		6F143F2D21FA3AC400AE55DE /* RallyMission.m */ = {isa = PBXFileReference; fileEncoding = 4; lastKnownFileType = sourcecode.c.objc; path = RallyMission.m; sourceTree = "<group>"; };
		6F143F2E21FA3AC400AE55DE /* SmokeMission.m */ = {isa = PBXFileReference; fileEncoding = 4; lastKnownFileType = sourcecode.c.objc; path = SmokeMission.m; sourceTree = "<group>"; };
		6F143F2F21FA3AC400AE55DE /* MeleeMission.h */ = {isa = PBXFileReference; fileEncoding = 4; lastKnownFileType = sourcecode.c.h; path = MeleeMission.h; sourceTree = "<group>"; };
		6F143F3021FA3AC400AE55DE /* MoveFastMission.m */ = {isa = PBXFileReference; fileEncoding = 4; lastKnownFileType = sourcecode.c.objc; path = MoveFastMission.m; sourceTree = "<group>"; };
		6F143F3121FA3AC400AE55DE /* ScoutMission.m */ = {isa = PBXFileReference; fileEncoding = 4; lastKnownFileType = sourcecode.c.objc; path = ScoutMission.m; sourceTree = "<group>"; };
		6F143F3221FA3AC400AE55DE /* DisorganizedMission.m */ = {isa = PBXFileReference; fileEncoding = 4; lastKnownFileType = sourcecode.c.objc; path = DisorganizedMission.m; sourceTree = "<group>"; };
		6F143F3321FA3AC400AE55DE /* Mission.h */ = {isa = PBXFileReference; fileEncoding = 4; lastKnownFileType = sourcecode.c.h; path = Mission.h; sourceTree = "<group>"; };
		6F143F3421FA3AC400AE55DE /* RotateMission.h */ = {isa = PBXFileReference; fileEncoding = 4; lastKnownFileType = sourcecode.c.h; path = RotateMission.h; sourceTree = "<group>"; };
		6F143F3521FA3AC400AE55DE /* IdleMission.h */ = {isa = PBXFileReference; fileEncoding = 4; lastKnownFileType = sourcecode.c.h; path = IdleMission.h; sourceTree = "<group>"; };
		6F143F3721FA3AC500AE55DE /* Engine.h */ = {isa = PBXFileReference; fileEncoding = 4; lastKnownFileType = sourcecode.c.h; path = Engine.h; sourceTree = "<group>"; };
		6F143F3821FA3AC500AE55DE /* LineOfSightData.h */ = {isa = PBXFileReference; fileEncoding = 4; lastKnownFileType = sourcecode.c.h; path = LineOfSightData.h; sourceTree = "<group>"; };
		6F143F3921FA3AC500AE55DE /* LineOfSight.m */ = {isa = PBXFileReference; fileEncoding = 4; lastKnownFileType = sourcecode.c.objc; path = LineOfSight.m; sourceTree = "<group>"; };
		6F143F3A21FA3AC500AE55DE /* LineOfSightData.m */ = {isa = PBXFileReference; fileEncoding = 4; lastKnownFileType = sourcecode.c.objc; path = LineOfSightData.m; sourceTree = "<group>"; };
		6F143F3B21FA3AC500AE55DE /* Engine.m */ = {isa = PBXFileReference; fileEncoding = 4; lastKnownFileType = sourcecode.c.objc; path = Engine.m; sourceTree = "<group>"; };
		6F143F3C21FA3AC500AE55DE /* LineOfSight.h */ = {isa = PBXFileReference; fileEncoding = 4; lastKnownFileType = sourcecode.c.h; path = LineOfSight.h; sourceTree = "<group>"; };
		6F143F3E21FA3AC500AE55DE /* ParameterHandler.h */ = {isa = PBXFileReference; fileEncoding = 4; lastKnownFileType = sourcecode.c.h; path = ParameterHandler.h; sourceTree = "<group>"; };
		6F143F4121FA3AC500AE55DE /* ResultLayer.m */ = {isa = PBXFileReference; fileEncoding = 4; lastKnownFileType = sourcecode.c.objc; path = ResultLayer.m; sourceTree = "<group>"; };
		6F143F4221FA3AC500AE55DE /* TerrainLayer.m */ = {isa = PBXFileReference; fileEncoding = 4; lastKnownFileType = sourcecode.c.objc; path = TerrainLayer.m; sourceTree = "<group>"; };
		6F143F4321FA3AC500AE55DE /* PotentialFieldLayer.h */ = {isa = PBXFileReference; fileEncoding = 4; lastKnownFileType = sourcecode.c.h; path = PotentialFieldLayer.h; sourceTree = "<group>"; };
		6F143F4421FA3AC500AE55DE /* PotentialField.m */ = {isa = PBXFileReference; fileEncoding = 4; lastKnownFileType = sourcecode.c.objc; path = PotentialField.m; sourceTree = "<group>"; };
		6F143F4521FA3AC500AE55DE /* OwnUnitsLayer.h */ = {isa = PBXFileReference; fileEncoding = 4; lastKnownFileType = sourcecode.c.h; path = OwnUnitsLayer.h; sourceTree = "<group>"; };
		6F143F4621FA3AC500AE55DE /* ObjectivesLayer.h */ = {isa = PBXFileReference; fileEncoding = 4; lastKnownFileType = sourcecode.c.h; path = ObjectivesLayer.h; sourceTree = "<group>"; };
		6F143F4721FA3AC500AE55DE /* FrontLayer.m */ = {isa = PBXFileReference; fileEncoding = 4; lastKnownFileType = sourcecode.c.objc; path = FrontLayer.m; sourceTree = "<group>"; };
		6F143F4821FA3AC500AE55DE /* EnemyLayer.h */ = {isa = PBXFileReference; fileEncoding = 4; lastKnownFileType = sourcecode.c.h; path = EnemyLayer.h; sourceTree = "<group>"; };
		6F143F4921FA3AC500AE55DE /* TerrainLayer.h */ = {isa = PBXFileReference; fileEncoding = 4; lastKnownFileType = sourcecode.c.h; path = TerrainLayer.h; sourceTree = "<group>"; };
		6F143F4A21FA3AC500AE55DE /* ResultLayer.h */ = {isa = PBXFileReference; fileEncoding = 4; lastKnownFileType = sourcecode.c.h; path = ResultLayer.h; sourceTree = "<group>"; };
		6F143F4B21FA3AC500AE55DE /* OwnUnitsLayer.m */ = {isa = PBXFileReference; fileEncoding = 4; lastKnownFileType = sourcecode.c.objc; path = OwnUnitsLayer.m; sourceTree = "<group>"; };
		6F143F4C21FA3AC500AE55DE /* PotentialField.h */ = {isa = PBXFileReference; fileEncoding = 4; lastKnownFileType = sourcecode.c.h; path = PotentialField.h; sourceTree = "<group>"; };
		6F143F4D21FA3AC500AE55DE /* PotentialFieldLayer.m */ = {isa = PBXFileReference; fileEncoding = 4; lastKnownFileType = sourcecode.c.objc; path = PotentialFieldLayer.m; sourceTree = "<group>"; };
		6F143F4E21FA3AC500AE55DE /* EnemyLayer.m */ = {isa = PBXFileReference; fileEncoding = 4; lastKnownFileType = sourcecode.c.objc; path = EnemyLayer.m; sourceTree = "<group>"; };
		6F143F4F21FA3AC500AE55DE /* FrontLayer.h */ = {isa = PBXFileReference; fileEncoding = 4; lastKnownFileType = sourcecode.c.h; path = FrontLayer.h; sourceTree = "<group>"; };
		6F143F5021FA3AC500AE55DE /* ObjectivesLayer.m */ = {isa = PBXFileReference; fileEncoding = 4; lastKnownFileType = sourcecode.c.objc; path = ObjectivesLayer.m; sourceTree = "<group>"; };
		6F143F5121FA3AC500AE55DE /* AI.m */ = {isa = PBXFileReference; fileEncoding = 4; lastKnownFileType = sourcecode.c.objc; path = AI.m; sourceTree = "<group>"; };
		6F143F5321FA3AC500AE55DE /* PathFinder.m */ = {isa = PBXFileReference; fileEncoding = 4; lastKnownFileType = sourcecode.c.objc; path = PathFinder.m; sourceTree = "<group>"; };
		6F143F5421FA3AC500AE55DE /* PathNodePriorityQueue.h */ = {isa = PBXFileReference; fileEncoding = 4; lastKnownFileType = sourcecode.c.h; path = PathNodePriorityQueue.h; sourceTree = "<group>"; };
		6F143F5621FA3AC500AE55DE /* PathNodePriorityQueue.m */ = {isa = PBXFileReference; fileEncoding = 4; lastKnownFileType = sourcecode.c.objc; path = PathNodePriorityQueue.m; sourceTree = "<group>"; };
		6F143F5721FA3AC500AE55DE /* PathNode.h */ = {isa = PBXFileReference; fileEncoding = 4; lastKnownFileType = sourcecode.c.h; path = PathNode.h; sourceTree = "<group>"; };
		6F143F5821FA3AC500AE55DE /* PathFinder.h */ = {isa = PBXFileReference; fileEncoding = 4; lastKnownFileType = sourcecode.c.h; path = PathFinder.h; sourceTree = "<group>"; };
		6F143F5B21FA3AC500AE55DE /* FrontlineMap.h */ = {isa = PBXFileReference; fileEncoding = 4; lastKnownFileType = sourcecode.c.h; path = FrontlineMap.h; sourceTree = "<group>"; };
		6F143F5C21FA3AC500AE55DE /* InfluenceMap.m */ = {isa = PBXFileReference; fileEncoding = 4; lastKnownFileType = sourcecode.c.objc; path = InfluenceMap.m; sourceTree = "<group>"; };
		6F143F5D21FA3AC500AE55DE /* TensionMap.h */ = {isa = PBXFileReference; fileEncoding = 4; lastKnownFileType = sourcecode.c.h; path = TensionMap.h; sourceTree = "<group>"; };
		6F143F5E21FA3AC500AE55DE /* InfluenceMapNode.m */ = {isa = PBXFileReference; fileEncoding = 4; lastKnownFileType = sourcecode.c.objc; path = InfluenceMapNode.m; sourceTree = "<group>"; };
		6F143F5F21FA3AC500AE55DE /* ObjectivesMap.h */ = {isa = PBXFileReference; fileEncoding = 4; lastKnownFileType = sourcecode.c.h; path = ObjectivesMap.h; sourceTree = "<group>"; };
		6F143F6021FA3AC500AE55DE /* InfluenceMapContainer.h */ = {isa = PBXFileReference; fileEncoding = 4; lastKnownFileType = sourcecode.c.h; path = InfluenceMapContainer.h; sourceTree = "<group>"; };
		6F143F6121FA3AC500AE55DE /* UnitStrengthMap.h */ = {isa = PBXFileReference; fileEncoding = 4; lastKnownFileType = sourcecode.c.h; path = UnitStrengthMap.h; sourceTree = "<group>"; };
		6F143F6221FA3AC500AE55DE /* MapBase.h */ = {isa = PBXFileReference; fileEncoding = 4; lastKnownFileType = sourcecode.c.h; path = MapBase.h; sourceTree = "<group>"; };
		6F143F6321FA3AC500AE55DE /* GoalMap.m */ = {isa = PBXFileReference; fileEncoding = 4; lastKnownFileType = sourcecode.c.objc; path = GoalMap.m; sourceTree = "<group>"; };
		6F143F6421FA3AC500AE55DE /* VulnerabilityMap.m */ = {isa = PBXFileReference; fileEncoding = 4; lastKnownFileType = sourcecode.c.objc; path = VulnerabilityMap.m; sourceTree = "<group>"; };
		6F143F6521FA3AC500AE55DE /* ResultMap.m */ = {isa = PBXFileReference; fileEncoding = 4; lastKnownFileType = sourcecode.c.objc; path = ResultMap.m; sourceTree = "<group>"; };
		6F143F6621FA3AC500AE55DE /* ObjectivesMap.m */ = {isa = PBXFileReference; fileEncoding = 4; lastKnownFileType = sourcecode.c.objc; path = ObjectivesMap.m; sourceTree = "<group>"; };
		6F143F6721FA3AC500AE55DE /* TensionMap.m */ = {isa = PBXFileReference; fileEncoding = 4; lastKnownFileType = sourcecode.c.objc; path = TensionMap.m; sourceTree = "<group>"; };
		6F143F6821FA3AC500AE55DE /* InfluenceMapNode.h */ = {isa = PBXFileReference; fileEncoding = 4; lastKnownFileType = sourcecode.c.h; path = InfluenceMapNode.h; sourceTree = "<group>"; };
		6F143F6921FA3AC500AE55DE /* InfluenceMap.h */ = {isa = PBXFileReference; fileEncoding = 4; lastKnownFileType = sourcecode.c.h; path = InfluenceMap.h; sourceTree = "<group>"; };
		6F143F6A21FA3AC500AE55DE /* FrontlineMap.m */ = {isa = PBXFileReference; fileEncoding = 4; lastKnownFileType = sourcecode.c.objc; path = FrontlineMap.m; sourceTree = "<group>"; };
		6F143F6B21FA3AC500AE55DE /* MapBase.m */ = {isa = PBXFileReference; fileEncoding = 4; lastKnownFileType = sourcecode.c.objc; path = MapBase.m; sourceTree = "<group>"; };
		6F143F6C21FA3AC500AE55DE /* UnitStrengthMap.m */ = {isa = PBXFileReference; fileEncoding = 4; lastKnownFileType = sourcecode.c.objc; path = UnitStrengthMap.m; sourceTree = "<group>"; };
		6F143F6D21FA3AC500AE55DE /* InfluenceMapContainer.m */ = {isa = PBXFileReference; fileEncoding = 4; lastKnownFileType = sourcecode.c.objc; path = InfluenceMapContainer.m; sourceTree = "<group>"; };
		6F143F6E21FA3AC500AE55DE /* VulnerabilityMap.h */ = {isa = PBXFileReference; fileEncoding = 4; lastKnownFileType = sourcecode.c.h; path = VulnerabilityMap.h; sourceTree = "<group>"; };
		6F143F6F21FA3AC500AE55DE /* ResultMap.h */ = {isa = PBXFileReference; fileEncoding = 4; lastKnownFileType = sourcecode.c.h; path = ResultMap.h; sourceTree = "<group>"; };
		6F143F7021FA3AC500AE55DE /* GoalMap.h */ = {isa = PBXFileReference; fileEncoding = 4; lastKnownFileType = sourcecode.c.h; path = GoalMap.h; sourceTree = "<group>"; };
		6F14410F21FA3AC500AE55DE /* Player.m */ = {isa = PBXFileReference; fileEncoding = 4; lastKnownFileType = sourcecode.c.objc; path = Player.m; sourceTree = "<group>"; };
		6F14411021FA3AC500AE55DE /* ScoreCounter.h */ = {isa = PBXFileReference; fileEncoding = 4; lastKnownFileType = sourcecode.c.h; path = ScoreCounter.h; sourceTree = "<group>"; };
		6F14411121FA3AC500AE55DE /* ParameterHandler.m */ = {isa = PBXFileReference; fileEncoding = 4; lastKnownFileType = sourcecode.c.objc; path = ParameterHandler.m; sourceTree = "<group>"; };
		6F14411221FA3AC500AE55DE /* ParameterDefinitions.h */ = {isa = PBXFileReference; fileEncoding = 4; lastKnownFileType = sourcecode.c.h; path = ParameterDefinitions.h; sourceTree = "<group>"; };
		6F14412B21FA3AC500AE55DE /* Clock.m */ = {isa = PBXFileReference; fileEncoding = 4; lastKnownFileType = sourcecode.c.objc; path = Clock.m; sourceTree = "<group>"; };
		6F14414121FA3AC500AE55DE /* Clock.h */ = {isa = PBXFileReference; fileEncoding = 4; lastKnownFileType = sourcecode.c.h; path = Clock.h; sourceTree = "<group>"; };
		6F14414421FA3AC500AE55DE /* MapReader.h */ = {isa = PBXFileReference; fileEncoding = 4; lastKnownFileType = sourcecode.c.h; path = MapReader.h; sourceTree = "<group>"; };
		6F14414521FA3AC500AE55DE /* ResourceDownloader.h */ = {isa = PBXFileReference; fileEncoding = 4; lastKnownFileType = sourcecode.c.h; path = ResourceDownloader.h; sourceTree = "<group>"; };
		6F14414621FA3AC500AE55DE /* NSData+Compression.m */ = {isa = PBXFileReference; fileEncoding = 4; lastKnownFileType = sourcecode.c.objc; path = "NSData+Compression.m"; sourceTree = "<group>"; };
		6F14414721FA3AC500AE55DE /* ScenarioIndexParser.m */ = {isa = PBXFileReference; fileEncoding = 4; lastKnownFileType = sourcecode.c.objc; path = ScenarioIndexParser.m; sourceTree = "<group>"; };
		6F14414821FA3AC500AE55DE /* ScenarioReader.m */ = {isa = PBXFileReference; fileEncoding = 4; lastKnownFileType = sourcecode.c.objc; path = ScenarioReader.m; sourceTree = "<group>"; };
		6F14414921FA3AC500AE55DE /* GameSerializer.m */ = {isa = PBXFileReference; fileEncoding = 4; lastKnownFileType = sourcecode.c.objc; path = GameSerializer.m; sourceTree = "<group>"; };
		6F14414A21FA3AC500AE55DE /* ResourceHandler.h */ = {isa = PBXFileReference; fileEncoding = 4; lastKnownFileType = sourcecode.c.h; path = ResourceHandler.h; sourceTree = "<group>"; };
		6F14414B21FA3AC500AE55DE /* MapReader.m */ = {isa = PBXFileReference; fileEncoding = 4; lastKnownFileType = sourcecode.c.objc; path = MapReader.m; sourceTree = "<group>"; };
		6F14414C21FA3AC500AE55DE /* NSData+Compression.h */ = {isa = PBXFileReference; fileEncoding = 4; lastKnownFileType = sourcecode.c.h; path = "NSData+Compression.h"; sourceTree = "<group>"; };
		6F14414D21FA3AC500AE55DE /* ResourceDownloader.m */ = {isa = PBXFileReference; fileEncoding = 4; lastKnownFileType = sourcecode.c.objc; path = ResourceDownloader.m; sourceTree = "<group>"; };
		6F14414E21FA3AC500AE55DE /* GameSerializer.h */ = {isa = PBXFileReference; fileEncoding = 4; lastKnownFileType = sourcecode.c.h; path = GameSerializer.h; sourceTree = "<group>"; };
		6F14414F21FA3AC500AE55DE /* ScenarioReader.h */ = {isa = PBXFileReference; fileEncoding = 4; lastKnownFileType = sourcecode.c.h; path = ScenarioReader.h; sourceTree = "<group>"; };
		6F14415021FA3AC500AE55DE /* ScenarioIndexParser.h */ = {isa = PBXFileReference; fileEncoding = 4; lastKnownFileType = sourcecode.c.h; path = ScenarioIndexParser.h; sourceTree = "<group>"; };
		6F14415121FA3AC500AE55DE /* ResourceHandler.m */ = {isa = PBXFileReference; fileEncoding = 4; lastKnownFileType = sourcecode.c.objc; path = ResourceHandler.m; sourceTree = "<group>"; };
		6F14415221FA3AC500AE55DE /* Definitions.h */ = {isa = PBXFileReference; fileEncoding = 4; lastKnownFileType = sourcecode.c.h; path = Definitions.h; sourceTree = "<group>"; };
		6F14416121FA3AC500AE55DE /* HostedGame.h */ = {isa = PBXFileReference; fileEncoding = 4; lastKnownFileType = sourcecode.c.h; path = HostedGame.h; sourceTree = "<group>"; };
		6F14416321FA3AC500AE55DE /* PlayerPingPacket.m */ = {isa = PBXFileReference; fileEncoding = 4; lastKnownFileType = sourcecode.c.objc; path = PlayerPingPacket.m; sourceTree = "<group>"; };
		6F14416421FA3AC500AE55DE /* MissionPacket.h */ = {isa = PBXFileReference; fileEncoding = 4; lastKnownFileType = sourcecode.c.h; path = MissionPacket.h; sourceTree = "<group>"; };
		6F14416521FA3AC500AE55DE /* PlayerPongPacket.m */ = {isa = PBXFileReference; fileEncoding = 4; lastKnownFileType = sourcecode.c.objc; path = PlayerPongPacket.m; sourceTree = "<group>"; };
		6F14416621FA3AC500AE55DE /* UnitStatsPacket.m */ = {isa = PBXFileReference; fileEncoding = 4; lastKnownFileType = sourcecode.c.objc; path = UnitStatsPacket.m; sourceTree = "<group>"; };
		6F14416721FA3AC500AE55DE /* SetMissionPacket.h */ = {isa = PBXFileReference; fileEncoding = 4; lastKnownFileType = sourcecode.c.h; path = SetMissionPacket.h; sourceTree = "<group>"; };
		6F14416821FA3AC500AE55DE /* SmokePacket.h */ = {isa = PBXFileReference; fileEncoding = 4; lastKnownFileType = sourcecode.c.h; path = SmokePacket.h; sourceTree = "<group>"; };
		6F14416921FA3AC500AE55DE /* MeleePacket.m */ = {isa = PBXFileReference; fileEncoding = 4; lastKnownFileType = sourcecode.c.objc; path = MeleePacket.m; sourceTree = "<group>"; };
		6F14416A21FA3AC500AE55DE /* FirePacket.h */ = {isa = PBXFileReference; fileEncoding = 4; lastKnownFileType = sourcecode.c.h; path = FirePacket.h; sourceTree = "<group>"; };
		6F14416B21FA3AC500AE55DE /* UdpPacket.h */ = {isa = PBXFileReference; fileEncoding = 4; lastKnownFileType = sourcecode.c.h; path = UdpPacket.h; sourceTree = "<group>"; };
		6F14416C21FA3AC500AE55DE /* ServerPingPacket.h */ = {isa = PBXFileReference; fileEncoding = 4; lastKnownFileType = sourcecode.c.h; path = ServerPingPacket.h; sourceTree = "<group>"; };
		6F14416D21FA3AC500AE55DE /* MissionPacket.m */ = {isa = PBXFileReference; fileEncoding = 4; lastKnownFileType = sourcecode.c.objc; path = MissionPacket.m; sourceTree = "<group>"; };
		6F14416E21FA3AC500AE55DE /* PlayerPingPacket.h */ = {isa = PBXFileReference; fileEncoding = 4; lastKnownFileType = sourcecode.c.h; path = PlayerPingPacket.h; sourceTree = "<group>"; };
		6F14416F21FA3AC500AE55DE /* MeleePacket.h */ = {isa = PBXFileReference; fileEncoding = 4; lastKnownFileType = sourcecode.c.h; path = MeleePacket.h; sourceTree = "<group>"; };
		6F14417021FA3AC500AE55DE /* SmokePacket.m */ = {isa = PBXFileReference; fileEncoding = 4; lastKnownFileType = sourcecode.c.objc; path = SmokePacket.m; sourceTree = "<group>"; };
		6F14417121FA3AC500AE55DE /* SetMissionPacket.m */ = {isa = PBXFileReference; fileEncoding = 4; lastKnownFileType = sourcecode.c.objc; path = SetMissionPacket.m; sourceTree = "<group>"; };
		6F14417221FA3AC500AE55DE /* UnitStatsPacket.h */ = {isa = PBXFileReference; fileEncoding = 4; lastKnownFileType = sourcecode.c.h; path = UnitStatsPacket.h; sourceTree = "<group>"; };
		6F14417321FA3AC500AE55DE /* PlayerPongPacket.h */ = {isa = PBXFileReference; fileEncoding = 4; lastKnownFileType = sourcecode.c.h; path = PlayerPongPacket.h; sourceTree = "<group>"; };
		6F14417421FA3AC500AE55DE /* FirePacket.m */ = {isa = PBXFileReference; fileEncoding = 4; lastKnownFileType = sourcecode.c.objc; path = FirePacket.m; sourceTree = "<group>"; };
		6F14417521FA3AC500AE55DE /* ServerPingPacket.m */ = {isa = PBXFileReference; fileEncoding = 4; lastKnownFileType = sourcecode.c.objc; path = ServerPingPacket.m; sourceTree = "<group>"; };
		6F14417621FA3AC500AE55DE /* UdpPacket.m */ = {isa = PBXFileReference; fileEncoding = 4; lastKnownFileType = sourcecode.c.objc; path = UdpPacket.m; sourceTree = "<group>"; };
		6F14417721FA3AC500AE55DE /* TcpNetworkHandler.h */ = {isa = PBXFileReference; fileEncoding = 4; lastKnownFileType = sourcecode.c.h; path = TcpNetworkHandler.h; sourceTree = "<group>"; };
		6F14417821FA3AC500AE55DE /* UdpNetworkHandler.m */ = {isa = PBXFileReference; fileEncoding = 4; lastKnownFileType = sourcecode.c.objc; path = UdpNetworkHandler.m; sourceTree = "<group>"; };
		6F14417921FA3AC500AE55DE /* HostedGame.m */ = {isa = PBXFileReference; fileEncoding = 4; lastKnownFileType = sourcecode.c.objc; path = HostedGame.m; sourceTree = "<group>"; };
		6F14417A21FA3AC500AE55DE /* NetworkUtils.h */ = {isa = PBXFileReference; fileEncoding = 4; lastKnownFileType = sourcecode.c.h; path = NetworkUtils.h; sourceTree = "<group>"; };
		6F14417B21FA3AC500AE55DE /* TcpNetworkHandler.m */ = {isa = PBXFileReference; fileEncoding = 4; lastKnownFileType = sourcecode.c.objc; path = TcpNetworkHandler.m; sourceTree = "<group>"; };
		6F14417D21FA3AC500AE55DE /* AnnouncePacket.m */ = {isa = PBXFileReference; fileEncoding = 4; lastKnownFileType = sourcecode.c.objc; path = AnnouncePacket.m; sourceTree = "<group>"; };
		6F14417E21FA3AC500AE55DE /* WindPacket.m */ = {isa = PBXFileReference; fileEncoding = 4; lastKnownFileType = sourcecode.c.objc; path = WindPacket.m; sourceTree = "<group>"; };
		6F14417F21FA3AC500AE55DE /* ReadyToStartPacket.m */ = {isa = PBXFileReference; fileEncoding = 4; lastKnownFileType = sourcecode.c.objc; path = ReadyToStartPacket.m; sourceTree = "<group>"; };
		6F14418021FA3AC500AE55DE /* SetupUnitsPacket.h */ = {isa = PBXFileReference; fileEncoding = 4; lastKnownFileType = sourcecode.c.h; path = SetupUnitsPacket.h; sourceTree = "<group>"; };
		6F14418121FA3AC500AE55DE /* TcpPacket.h */ = {isa = PBXFileReference; fileEncoding = 4; lastKnownFileType = sourcecode.c.h; path = TcpPacket.h; sourceTree = "<group>"; };
		6F14418221FA3AC500AE55DE /* LeavePacket.h */ = {isa = PBXFileReference; fileEncoding = 4; lastKnownFileType = sourcecode.c.h; path = LeavePacket.h; sourceTree = "<group>"; };
		6F14418321FA3AC500AE55DE /* KeepAlivePacket.h */ = {isa = PBXFileReference; fileEncoding = 4; lastKnownFileType = sourcecode.c.h; path = KeepAlivePacket.h; sourceTree = "<group>"; };
		6F14418421FA3AC500AE55DE /* LoginPacket.h */ = {isa = PBXFileReference; fileEncoding = 4; lastKnownFileType = sourcecode.c.h; path = LoginPacket.h; sourceTree = "<group>"; };
		6F14418521FA3AC500AE55DE /* JoinPacket.h */ = {isa = PBXFileReference; fileEncoding = 4; lastKnownFileType = sourcecode.c.h; path = JoinPacket.h; sourceTree = "<group>"; };
		6F14418621FA3AC500AE55DE /* GameEndedPacket.m */ = {isa = PBXFileReference; fileEncoding = 4; lastKnownFileType = sourcecode.c.objc; path = GameEndedPacket.m; sourceTree = "<group>"; };
		6F14418721FA3AC500AE55DE /* AnnouncePacket.h */ = {isa = PBXFileReference; fileEncoding = 4; lastKnownFileType = sourcecode.c.h; path = AnnouncePacket.h; sourceTree = "<group>"; };
		6F14418821FA3AC500AE55DE /* SetupUnitsPacket.m */ = {isa = PBXFileReference; fileEncoding = 4; lastKnownFileType = sourcecode.c.objc; path = SetupUnitsPacket.m; sourceTree = "<group>"; };
		6F14418921FA3AC500AE55DE /* ReadyToStartPacket.h */ = {isa = PBXFileReference; fileEncoding = 4; lastKnownFileType = sourcecode.c.h; path = ReadyToStartPacket.h; sourceTree = "<group>"; };
		6F14418A21FA3AC500AE55DE /* WindPacket.h */ = {isa = PBXFileReference; fileEncoding = 4; lastKnownFileType = sourcecode.c.h; path = WindPacket.h; sourceTree = "<group>"; };
		6F14418B21FA3AC500AE55DE /* GameEndedPacket.h */ = {isa = PBXFileReference; fileEncoding = 4; lastKnownFileType = sourcecode.c.h; path = GameEndedPacket.h; sourceTree = "<group>"; };
		6F14418C21FA3AC500AE55DE /* JoinPacket.m */ = {isa = PBXFileReference; fileEncoding = 4; lastKnownFileType = sourcecode.c.objc; path = JoinPacket.m; sourceTree = "<group>"; };
		6F14418D21FA3AC500AE55DE /* LoginPacket.m */ = {isa = PBXFileReference; fileEncoding = 4; lastKnownFileType = sourcecode.c.objc; path = LoginPacket.m; sourceTree = "<group>"; };
		6F14418E21FA3AC500AE55DE /* KeepAlivePacket.m */ = {isa = PBXFileReference; fileEncoding = 4; lastKnownFileType = sourcecode.c.objc; path = KeepAlivePacket.m; sourceTree = "<group>"; };
		6F14418F21FA3AC500AE55DE /* LeavePacket.m */ = {isa = PBXFileReference; fileEncoding = 4; lastKnownFileType = sourcecode.c.objc; path = LeavePacket.m; sourceTree = "<group>"; };
		6F14419021FA3AC500AE55DE /* TcpPacket.m */ = {isa = PBXFileReference; fileEncoding = 4; lastKnownFileType = sourcecode.c.objc; path = TcpPacket.m; sourceTree = "<group>"; };
		6F14419121FA3AC500AE55DE /* UdpNetworkHandler.h */ = {isa = PBXFileReference; fileEncoding = 4; lastKnownFileType = sourcecode.c.h; path = UdpNetworkHandler.h; sourceTree = "<group>"; };
		6F14419321FA3AC600AE55DE /* HitPosition.h */ = {isa = PBXFileReference; fileEncoding = 4; lastKnownFileType = sourcecode.c.h; path = HitPosition.h; sourceTree = "<group>"; };
		6F14419421FA3AC600AE55DE /* VertexList.h */ = {isa = PBXFileReference; fileEncoding = 4; lastKnownFileType = sourcecode.c.h; path = VertexList.h; sourceTree = "<group>"; };
		6F14419721FA3AC600AE55DE /* Triangularizer.h */ = {isa = PBXFileReference; fileEncoding = 4; lastKnownFileType = sourcecode.c.h; path = Triangularizer.h; sourceTree = "<group>"; };
		6F1441A121FA3AC600AE55DE /* PolygonNode.m */ = {isa = PBXFileReference; fileEncoding = 4; lastKnownFileType = sourcecode.c.objc; path = PolygonNode.m; sourceTree = "<group>"; };
		6F1441A221FA3AC600AE55DE /* TerrainModifiers.h */ = {isa = PBXFileReference; fileEncoding = 4; lastKnownFileType = sourcecode.c.h; path = TerrainModifiers.h; sourceTree = "<group>"; };
		6F1441AC21FA3AC600AE55DE /* PolygonNode.h */ = {isa = PBXFileReference; fileEncoding = 4; lastKnownFileType = sourcecode.c.h; path = PolygonNode.h; sourceTree = "<group>"; };
		6F1441B121FA3AC600AE55DE /* Message.h */ = {isa = PBXFileReference; fileEncoding = 4; lastKnownFileType = sourcecode.c.h; path = Message.h; sourceTree = "<group>"; };
		6F1441B221FA3AC600AE55DE /* Objective.h */ = {isa = PBXFileReference; fileEncoding = 4; lastKnownFileType = sourcecode.c.h; path = Objective.h; sourceTree = "<group>"; };
		6F1441B421FA3AC600AE55DE /* House.m */ = {isa = PBXFileReference; fileEncoding = 4; lastKnownFileType = sourcecode.c.objc; path = House.m; sourceTree = "<group>"; };
		6F1441B521FA3AC600AE55DE /* AttackResult.h */ = {isa = PBXFileReference; fileEncoding = 4; lastKnownFileType = sourcecode.c.h; path = AttackResult.h; sourceTree = "<group>"; };
		6F1441B721FA3AC600AE55DE /* Map.h */ = {isa = PBXFileReference; fileEncoding = 4; lastKnownFileType = sourcecode.c.h; path = Map.h; sourceTree = "<group>"; };
		6F1441B821FA3AC600AE55DE /* BaseTerrain.m */ = {isa = PBXFileReference; fileEncoding = 4; lastKnownFileType = sourcecode.c.objc; path = BaseTerrain.m; sourceTree = "<group>"; };
		6F1441BB21FA3AC600AE55DE /* VertexList.m */ = {isa = PBXFileReference; fileEncoding = 4; lastKnownFileType = sourcecode.c.objc; path = VertexList.m; sourceTree = "<group>"; };
		6F1441BC21FA3AC600AE55DE /* HitPosition.m */ = {isa = PBXFileReference; fileEncoding = 4; lastKnownFileType = sourcecode.c.objc; path = HitPosition.m; sourceTree = "<group>"; };
		6F1441BE21FA3AC600AE55DE /* Triangularizer.m */ = {isa = PBXFileReference; fileEncoding = 4; lastKnownFileType = sourcecode.c.objc; path = Triangularizer.m; sourceTree = "<group>"; };
		6F1441C321FA3AC600AE55DE /* BaseTerrain.h */ = {isa = PBXFileReference; fileEncoding = 4; lastKnownFileType = sourcecode.c.h; path = BaseTerrain.h; sourceTree = "<group>"; };
		6F1441C421FA3AC600AE55DE /* Map.m */ = {isa = PBXFileReference; fileEncoding = 4; lastKnownFileType = sourcecode.c.objc; path = Map.m; sourceTree = "<group>"; };
		6F1441C621FA3AC600AE55DE /* AttackResult.m */ = {isa = PBXFileReference; fileEncoding = 4; lastKnownFileType = sourcecode.c.objc; path = AttackResult.m; sourceTree = "<group>"; };
		6F1441C721FA3AC600AE55DE /* House.h */ = {isa = PBXFileReference; fileEncoding = 4; lastKnownFileType = sourcecode.c.h; path = House.h; sourceTree = "<group>"; };
		6F1441C921FA3AC600AE55DE /* Objective.m */ = {isa = PBXFileReference; fileEncoding = 4; lastKnownFileType = sourcecode.c.objc; path = Objective.m; sourceTree = "<group>"; };
		6F1441CA21FA3AC600AE55DE /* Message.m */ = {isa = PBXFileReference; fileEncoding = 4; lastKnownFileType = sourcecode.c.objc; path = Message.m; sourceTree = "<group>"; };
		6F1441CC21FA3AC600AE55DE /* main.m */ = {isa = PBXFileReference; fileEncoding = 4; lastKnownFileType = sourcecode.c.objc; path = main.m; sourceTree = "<group>"; };
		6F1441CD21FA3AC600AE55DE /* ParameterDefinitions.m */ = {isa = PBXFileReference; fileEncoding = 4; lastKnownFileType = sourcecode.c.objc; path = ParameterDefinitions.m; sourceTree = "<group>"; };
		6F14432121FE16F100AE55DE /* Smoke.m */ = {isa = PBXFileReference; lastKnownFileType = sourcecode.c.objc; path = Smoke.m; sourceTree = "<group>"; };
		6F14432321FE174D00AE55DE /* Smoke.h */ = {isa = PBXFileReference; lastKnownFileType = sourcecode.c.h; path = Smoke.h; sourceTree = "<group>"; };
		6F14432521FE18B600AE55DE /* CGPointExtension.m */ = {isa = PBXFileReference; fileEncoding = 4; lastKnownFileType = sourcecode.c.objc; path = CGPointExtension.m; sourceTree = "<group>"; };
		6F14432621FE18B600AE55DE /* CGPointExtension.h */ = {isa = PBXFileReference; fileEncoding = 4; lastKnownFileType = sourcecode.c.h; path = CGPointExtension.h; sourceTree = "<group>"; };
/* End PBXFileReference section */

/* Begin PBXFrameworksBuildPhase section */
		6F143EDA21FA3A3200AE55DE /* Frameworks */ = {
			isa = PBXFrameworksBuildPhase;
			buildActionMask = 2147483647;
			files = (
			);
			runOnlyForDeploymentPostprocessing = 0;
		};
/* End PBXFrameworksBuildPhase section */

/* Begin PBXGroup section */
		6F143ED421FA3A3200AE55DE = {
			isa = PBXGroup;
			children = (
				6F143F3F21FA3AC500AE55DE /* AI */,
				6F14415221FA3AC500AE55DE /* Definitions.h */,
				6F143F0B21FA3AC400AE55DE /* Definitions.m */,
				6F143F3621FA3AC500AE55DE /* Engine */,
				6F14432421FE18B600AE55DE /* Extensions */,
				6F14411321FA3AC500AE55DE /* Game */,
				6F143F0D21FA3AC400AE55DE /* Globals.h */,
				6F143EE721FA3AC400AE55DE /* Globals.m */,
				6F1441CC21FA3AC600AE55DE /* main.m */,
				6F14419221FA3AC600AE55DE /* Map */,
				6F143F0F21FA3AC400AE55DE /* Missions */,
				6F14416021FA3AC500AE55DE /* Network */,
				6F14411221FA3AC500AE55DE /* ParameterDefinitions.h */,
				6F1441CD21FA3AC600AE55DE /* ParameterDefinitions.m */,
				6F143F3E21FA3AC500AE55DE /* ParameterHandler.h */,
				6F14411121FA3AC500AE55DE /* ParameterHandler.m */,
				6F143F0C21FA3AC400AE55DE /* Player.h */,
				6F14410F21FA3AC500AE55DE /* Player.m */,
				6F143EDE21FA3A3200AE55DE /* Products */,
				6F143EE921FA3AC400AE55DE /* Scenario */,
				6F14411021FA3AC500AE55DE /* ScoreCounter.h */,
				6F143EE821FA3AC400AE55DE /* ScoreCounter.m */,
				6F14414321FA3AC500AE55DE /* Serialization */,
				6F143EFE21FA3AC400AE55DE /* Unit */,
			);
			sourceTree = "<group>";
		};
		6F143EDE21FA3A3200AE55DE /* Products */ = {
			isa = PBXGroup;
			children = (
				6F143EDD21FA3A3200AE55DE /* imperium-server */,
			);
			name = Products;
			sourceTree = "<group>";
		};
		6F143EE921FA3AC400AE55DE /* Scenario */ = {
			isa = PBXGroup;
			children = (
				6F143EEA21FA3AC400AE55DE /* HoldAllObjectivesCondition.h */,
				6F143EEB21FA3AC400AE55DE /* Scenario.h */,
				6F143EEC21FA3AC400AE55DE /* VictoryCondition.m */,
				6F143EED21FA3AC400AE55DE /* MultiplayerTimeCondition.h */,
				6F143EEE21FA3AC400AE55DE /* CasualtiesCondition.h */,
				6F143EEF21FA3AC400AE55DE /* TimeCondition.m */,
				6F143EF021FA3AC400AE55DE /* MultiplayerCasualtiesCondition.m */,
				6F143EF121FA3AC400AE55DE /* EscortUnitCondition.m */,
				6F143EF221FA3AC400AE55DE /* TutorialCondition.h */,
				6F143EF321FA3AC400AE55DE /* DestroyUnitCondition.m */,
				6F143EF421FA3AC400AE55DE /* CasualtiesCondition.m */,
				6F143EF521FA3AC400AE55DE /* MultiplayerTimeCondition.m */,
				6F143EF621FA3AC400AE55DE /* VictoryCondition.h */,
				6F143EF721FA3AC400AE55DE /* Scenario.m */,
				6F143EF821FA3AC400AE55DE /* HoldAllObjectivesCondition.m */,
				6F143EF921FA3AC400AE55DE /* MultiplayerCasualtiesCondition.h */,
				6F143EFA21FA3AC400AE55DE /* TimeCondition.h */,
				6F143EFB21FA3AC400AE55DE /* TutorialCondition.m */,
				6F143EFC21FA3AC400AE55DE /* DestroyUnitCondition.h */,
				6F143EFD21FA3AC400AE55DE /* EscortUnitCondition.h */,
			);
			path = Scenario;
			sourceTree = "<group>";
		};
		6F143EFE21FA3AC400AE55DE /* Unit */ = {
			isa = PBXGroup;
			children = (
				6F143F0921FA3AC400AE55DE /* Army.h */,
				6F143F0321FA3AC400AE55DE /* Army.m */,
				6F143F0121FA3AC400AE55DE /* Organization.h */,
				6F143F0821FA3AC400AE55DE /* Organization.m */,
				6F143F0221FA3AC400AE55DE /* Path.h */,
				6F143F0721FA3AC400AE55DE /* Path.m */,
				6F143F0421FA3AC400AE55DE /* Unit.h */,
				6F143F0A21FA3AC400AE55DE /* Unit.m */,
				6F143EFF21FA3AC400AE55DE /* UnitDefinition.h */,
				6F143F0621FA3AC400AE55DE /* UnitDefinition.m */,
				6F143F0521FA3AC400AE55DE /* Weapon.h */,
				6F143F0021FA3AC400AE55DE /* Weapon.m */,
			);
			path = Unit;
			sourceTree = "<group>";
		};
		6F143F0F21FA3AC400AE55DE /* Missions */ = {
			isa = PBXGroup;
			children = (
				6F143F1621FA3AC400AE55DE /* AdvanceMission.h */,
				6F143F2821FA3AC400AE55DE /* AdvanceMission.m */,
				6F143F2621FA3AC400AE55DE /* AreaFireMission.h */,
				6F143F1021FA3AC400AE55DE /* AreaFireMission.m */,
				6F143F1A21FA3AC400AE55DE /* AssaultMission.h */,
				6F143F2B21FA3AC400AE55DE /* AssaultMission.m */,
				6F143F1721FA3AC400AE55DE /* ChangeModeMission.h */,
				6F143F2721FA3AC400AE55DE /* ChangeModeMission.m */,
				6F143F2A21FA3AC400AE55DE /* CombatMission.h */,
				6F143F1421FA3AC400AE55DE /* CombatMission.m */,
				6F143F1F21FA3AC400AE55DE /* DisorganizedMission.h */,
				6F143F3221FA3AC400AE55DE /* DisorganizedMission.m */,
				6F143F2321FA3AC400AE55DE /* FireMission.h */,
				6F143F1321FA3AC400AE55DE /* FireMission.m */,
				6F143F3521FA3AC400AE55DE /* IdleMission.h */,
				6F143F1C21FA3AC400AE55DE /* IdleMission.m */,
				6F143F2F21FA3AC400AE55DE /* MeleeMission.h */,
				6F143F2221FA3AC400AE55DE /* MeleeMission.m */,
				6F143F3321FA3AC400AE55DE /* Mission.h */,
				6F143F1D21FA3AC400AE55DE /* Mission.m */,
				6F143F2121FA3AC400AE55DE /* MoveFastMission.h */,
				6F143F3021FA3AC400AE55DE /* MoveFastMission.m */,
				6F143F1521FA3AC400AE55DE /* MoveMission.h */,
				6F143F2921FA3AC400AE55DE /* MoveMission.m */,
				6F143F1921FA3AC400AE55DE /* RallyMission.h */,
				6F143F2D21FA3AC400AE55DE /* RallyMission.m */,
				6F143F1B21FA3AC400AE55DE /* RetreatMission.h */,
				6F143F2C21FA3AC400AE55DE /* RetreatMission.m */,
				6F143F3421FA3AC400AE55DE /* RotateMission.h */,
				6F143F1E21FA3AC400AE55DE /* RotateMission.m */,
				6F143F1221FA3AC400AE55DE /* RoutMission.h */,
				6F143F2521FA3AC400AE55DE /* RoutMission.m */,
				6F143F2021FA3AC400AE55DE /* ScoutMission.h */,
				6F143F3121FA3AC400AE55DE /* ScoutMission.m */,
				6F143F1821FA3AC400AE55DE /* SmokeMission.h */,
				6F143F2E21FA3AC400AE55DE /* SmokeMission.m */,
			);
			path = Missions;
			sourceTree = "<group>";
		};
		6F143F3621FA3AC500AE55DE /* Engine */ = {
			isa = PBXGroup;
			children = (
				6F143F3721FA3AC500AE55DE /* Engine.h */,
				6F143F3821FA3AC500AE55DE /* LineOfSightData.h */,
				6F143F3921FA3AC500AE55DE /* LineOfSight.m */,
				6F143F3A21FA3AC500AE55DE /* LineOfSightData.m */,
				6F143F3B21FA3AC500AE55DE /* Engine.m */,
				6F143F3C21FA3AC500AE55DE /* LineOfSight.h */,
			);
			path = Engine;
			sourceTree = "<group>";
		};
		6F143F3F21FA3AC500AE55DE /* AI */ = {
			isa = PBXGroup;
			children = (
				6F143F4021FA3AC500AE55DE /* PotentialField */,
				6F143F5121FA3AC500AE55DE /* AI.m */,
				6F143F5221FA3AC500AE55DE /* PathFinder */,
				6F143F5A21FA3AC500AE55DE /* InfluenceMaps */,
			);
			path = AI;
			sourceTree = "<group>";
		};
		6F143F4021FA3AC500AE55DE /* PotentialField */ = {
			isa = PBXGroup;
			children = (
				6F143F4121FA3AC500AE55DE /* ResultLayer.m */,
				6F143F4221FA3AC500AE55DE /* TerrainLayer.m */,
				6F143F4321FA3AC500AE55DE /* PotentialFieldLayer.h */,
				6F143F4421FA3AC500AE55DE /* PotentialField.m */,
				6F143F4521FA3AC500AE55DE /* OwnUnitsLayer.h */,
				6F143F4621FA3AC500AE55DE /* ObjectivesLayer.h */,
				6F143F4721FA3AC500AE55DE /* FrontLayer.m */,
				6F143F4821FA3AC500AE55DE /* EnemyLayer.h */,
				6F143F4921FA3AC500AE55DE /* TerrainLayer.h */,
				6F143F4A21FA3AC500AE55DE /* ResultLayer.h */,
				6F143F4B21FA3AC500AE55DE /* OwnUnitsLayer.m */,
				6F143F4C21FA3AC500AE55DE /* PotentialField.h */,
				6F143F4D21FA3AC500AE55DE /* PotentialFieldLayer.m */,
				6F143F4E21FA3AC500AE55DE /* EnemyLayer.m */,
				6F143F4F21FA3AC500AE55DE /* FrontLayer.h */,
				6F143F5021FA3AC500AE55DE /* ObjectivesLayer.m */,
			);
			path = PotentialField;
			sourceTree = "<group>";
		};
		6F143F5221FA3AC500AE55DE /* PathFinder */ = {
			isa = PBXGroup;
			children = (
				6F143F5321FA3AC500AE55DE /* PathFinder.m */,
				6F143F5421FA3AC500AE55DE /* PathNodePriorityQueue.h */,
				6F143F5621FA3AC500AE55DE /* PathNodePriorityQueue.m */,
				6F143F5721FA3AC500AE55DE /* PathNode.h */,
				6F143F5821FA3AC500AE55DE /* PathFinder.h */,
			);
			path = PathFinder;
			sourceTree = "<group>";
		};
		6F143F5A21FA3AC500AE55DE /* InfluenceMaps */ = {
			isa = PBXGroup;
			children = (
				6F143F5B21FA3AC500AE55DE /* FrontlineMap.h */,
				6F143F5C21FA3AC500AE55DE /* InfluenceMap.m */,
				6F143F5D21FA3AC500AE55DE /* TensionMap.h */,
				6F143F5E21FA3AC500AE55DE /* InfluenceMapNode.m */,
				6F143F5F21FA3AC500AE55DE /* ObjectivesMap.h */,
				6F143F6021FA3AC500AE55DE /* InfluenceMapContainer.h */,
				6F143F6121FA3AC500AE55DE /* UnitStrengthMap.h */,
				6F143F6221FA3AC500AE55DE /* MapBase.h */,
				6F143F6321FA3AC500AE55DE /* GoalMap.m */,
				6F143F6421FA3AC500AE55DE /* VulnerabilityMap.m */,
				6F143F6521FA3AC500AE55DE /* ResultMap.m */,
				6F143F6621FA3AC500AE55DE /* ObjectivesMap.m */,
				6F143F6721FA3AC500AE55DE /* TensionMap.m */,
				6F143F6821FA3AC500AE55DE /* InfluenceMapNode.h */,
				6F143F6921FA3AC500AE55DE /* InfluenceMap.h */,
				6F143F6A21FA3AC500AE55DE /* FrontlineMap.m */,
				6F143F6B21FA3AC500AE55DE /* MapBase.m */,
				6F143F6C21FA3AC500AE55DE /* UnitStrengthMap.m */,
				6F143F6D21FA3AC500AE55DE /* InfluenceMapContainer.m */,
				6F143F6E21FA3AC500AE55DE /* VulnerabilityMap.h */,
				6F143F6F21FA3AC500AE55DE /* ResultMap.h */,
				6F143F7021FA3AC500AE55DE /* GoalMap.h */,
			);
			path = InfluenceMaps;
			sourceTree = "<group>";
		};
		6F14411321FA3AC500AE55DE /* Game */ = {
			isa = PBXGroup;
			children = (
				6F14414121FA3AC500AE55DE /* Clock.h */,
				6F14412B21FA3AC500AE55DE /* Clock.m */,
			);
			path = Game;
			sourceTree = "<group>";
		};
		6F14414321FA3AC500AE55DE /* Serialization */ = {
			isa = PBXGroup;
			children = (
				6F14414421FA3AC500AE55DE /* MapReader.h */,
				6F14414521FA3AC500AE55DE /* ResourceDownloader.h */,
				6F14414621FA3AC500AE55DE /* NSData+Compression.m */,
				6F14414721FA3AC500AE55DE /* ScenarioIndexParser.m */,
				6F14414821FA3AC500AE55DE /* ScenarioReader.m */,
				6F14414921FA3AC500AE55DE /* GameSerializer.m */,
				6F14414A21FA3AC500AE55DE /* ResourceHandler.h */,
				6F14414B21FA3AC500AE55DE /* MapReader.m */,
				6F14414C21FA3AC500AE55DE /* NSData+Compression.h */,
				6F14414D21FA3AC500AE55DE /* ResourceDownloader.m */,
				6F14414E21FA3AC500AE55DE /* GameSerializer.h */,
				6F14414F21FA3AC500AE55DE /* ScenarioReader.h */,
				6F14415021FA3AC500AE55DE /* ScenarioIndexParser.h */,
				6F14415121FA3AC500AE55DE /* ResourceHandler.m */,
			);
			path = Serialization;
			sourceTree = "<group>";
		};
		6F14416021FA3AC500AE55DE /* Network */ = {
			isa = PBXGroup;
			children = (
				6F14416121FA3AC500AE55DE /* HostedGame.h */,
				6F14416221FA3AC500AE55DE /* UdpPackets */,
				6F14417721FA3AC500AE55DE /* TcpNetworkHandler.h */,
				6F14417821FA3AC500AE55DE /* UdpNetworkHandler.m */,
				6F14417921FA3AC500AE55DE /* HostedGame.m */,
				6F14417A21FA3AC500AE55DE /* NetworkUtils.h */,
				6F14417B21FA3AC500AE55DE /* TcpNetworkHandler.m */,
				6F14417C21FA3AC500AE55DE /* TcpPackets */,
				6F14419121FA3AC500AE55DE /* UdpNetworkHandler.h */,
			);
			path = Network;
			sourceTree = "<group>";
		};
		6F14416221FA3AC500AE55DE /* UdpPackets */ = {
			isa = PBXGroup;
			children = (
				6F14416A21FA3AC500AE55DE /* FirePacket.h */,
				6F14417421FA3AC500AE55DE /* FirePacket.m */,
				6F14416F21FA3AC500AE55DE /* MeleePacket.h */,
				6F14416921FA3AC500AE55DE /* MeleePacket.m */,
				6F14416421FA3AC500AE55DE /* MissionPacket.h */,
				6F14416D21FA3AC500AE55DE /* MissionPacket.m */,
				6F14416E21FA3AC500AE55DE /* PlayerPingPacket.h */,
				6F14416321FA3AC500AE55DE /* PlayerPingPacket.m */,
				6F14417321FA3AC500AE55DE /* PlayerPongPacket.h */,
				6F14416521FA3AC500AE55DE /* PlayerPongPacket.m */,
				6F14416C21FA3AC500AE55DE /* ServerPingPacket.h */,
				6F14417521FA3AC500AE55DE /* ServerPingPacket.m */,
				6F14416721FA3AC500AE55DE /* SetMissionPacket.h */,
				6F14417121FA3AC500AE55DE /* SetMissionPacket.m */,
				6F14416821FA3AC500AE55DE /* SmokePacket.h */,
				6F14417021FA3AC500AE55DE /* SmokePacket.m */,
				6F14416B21FA3AC500AE55DE /* UdpPacket.h */,
				6F14417621FA3AC500AE55DE /* UdpPacket.m */,
				6F14417221FA3AC500AE55DE /* UnitStatsPacket.h */,
				6F14416621FA3AC500AE55DE /* UnitStatsPacket.m */,
			);
			path = UdpPackets;
			sourceTree = "<group>";
		};
		6F14417C21FA3AC500AE55DE /* TcpPackets */ = {
			isa = PBXGroup;
			children = (
				6F14417D21FA3AC500AE55DE /* AnnouncePacket.m */,
				6F14417E21FA3AC500AE55DE /* WindPacket.m */,
				6F14417F21FA3AC500AE55DE /* ReadyToStartPacket.m */,
				6F14418021FA3AC500AE55DE /* SetupUnitsPacket.h */,
				6F14418121FA3AC500AE55DE /* TcpPacket.h */,
				6F14418221FA3AC500AE55DE /* LeavePacket.h */,
				6F14418321FA3AC500AE55DE /* KeepAlivePacket.h */,
				6F14418421FA3AC500AE55DE /* LoginPacket.h */,
				6F14418521FA3AC500AE55DE /* JoinPacket.h */,
				6F14418621FA3AC500AE55DE /* GameEndedPacket.m */,
				6F14418721FA3AC500AE55DE /* AnnouncePacket.h */,
				6F14418821FA3AC500AE55DE /* SetupUnitsPacket.m */,
				6F14418921FA3AC500AE55DE /* ReadyToStartPacket.h */,
				6F14418A21FA3AC500AE55DE /* WindPacket.h */,
				6F14418B21FA3AC500AE55DE /* GameEndedPacket.h */,
				6F14418C21FA3AC500AE55DE /* JoinPacket.m */,
				6F14418D21FA3AC500AE55DE /* LoginPacket.m */,
				6F14418E21FA3AC500AE55DE /* KeepAlivePacket.m */,
				6F14418F21FA3AC500AE55DE /* LeavePacket.m */,
				6F14419021FA3AC500AE55DE /* TcpPacket.m */,
			);
			path = TcpPackets;
			sourceTree = "<group>";
		};
		6F14419221FA3AC600AE55DE /* Map */ = {
			isa = PBXGroup;
			children = (
				6F1441B521FA3AC600AE55DE /* AttackResult.h */,
				6F1441C621FA3AC600AE55DE /* AttackResult.m */,
				6F1441C321FA3AC600AE55DE /* BaseTerrain.h */,
				6F1441B821FA3AC600AE55DE /* BaseTerrain.m */,
				6F14419321FA3AC600AE55DE /* HitPosition.h */,
				6F1441BC21FA3AC600AE55DE /* HitPosition.m */,
				6F1441C721FA3AC600AE55DE /* House.h */,
				6F1441B421FA3AC600AE55DE /* House.m */,
				6F1441B721FA3AC600AE55DE /* Map.h */,
				6F1441C421FA3AC600AE55DE /* Map.m */,
				6F1441B121FA3AC600AE55DE /* Message.h */,
				6F1441CA21FA3AC600AE55DE /* Message.m */,
				6F1441B221FA3AC600AE55DE /* Objective.h */,
				6F1441C921FA3AC600AE55DE /* Objective.m */,
				6F14432321FE174D00AE55DE /* Smoke.h */,
				6F14432121FE16F100AE55DE /* Smoke.m */,
				6F14419B21FA3AC600AE55DE /* Terrains */,
				6F14419721FA3AC600AE55DE /* Triangularizer.h */,
				6F1441BE21FA3AC600AE55DE /* Triangularizer.m */,
				6F14419421FA3AC600AE55DE /* VertexList.h */,
				6F1441BB21FA3AC600AE55DE /* VertexList.m */,
			);
			path = Map;
			sourceTree = "<group>";
		};
		6F14419B21FA3AC600AE55DE /* Terrains */ = {
			isa = PBXGroup;
			children = (
				6F1441AC21FA3AC600AE55DE /* PolygonNode.h */,
				6F1441A121FA3AC600AE55DE /* PolygonNode.m */,
				6F1441A221FA3AC600AE55DE /* TerrainModifiers.h */,
			);
			path = Terrains;
			sourceTree = "<group>";
		};
		6F14432421FE18B600AE55DE /* Extensions */ = {
			isa = PBXGroup;
			children = (
				6F14432521FE18B600AE55DE /* CGPointExtension.m */,
				6F14432621FE18B600AE55DE /* CGPointExtension.h */,
			);
			path = Extensions;
			sourceTree = "<group>";
		};
/* End PBXGroup section */

/* Begin PBXNativeTarget section */
		6F143EDC21FA3A3200AE55DE /* imperium-server */ = {
			isa = PBXNativeTarget;
			buildConfigurationList = 6F143EE421FA3A3200AE55DE /* Build configuration list for PBXNativeTarget "imperium-server" */;
			buildPhases = (
				6F143ED921FA3A3200AE55DE /* Sources */,
				6F143EDA21FA3A3200AE55DE /* Frameworks */,
				6F143EDB21FA3A3200AE55DE /* CopyFiles */,
			);
			buildRules = (
			);
			dependencies = (
			);
			name = "imperium-server";
			productName = "imperium-server";
			productReference = 6F143EDD21FA3A3200AE55DE /* imperium-server */;
			productType = "com.apple.product-type.tool";
		};
/* End PBXNativeTarget section */

/* Begin PBXProject section */
		6F143ED521FA3A3200AE55DE /* Project object */ = {
			isa = PBXProject;
			attributes = {
				LastUpgradeCheck = 1010;
				ORGANIZATIONNAME = "D-Pointer Oy";
				TargetAttributes = {
					6F143EDC21FA3A3200AE55DE = {
						CreatedOnToolsVersion = 10.1;
					};
				};
			};
			buildConfigurationList = 6F143ED821FA3A3200AE55DE /* Build configuration list for PBXProject "imperium-server" */;
			compatibilityVersion = "Xcode 9.3";
			developmentRegion = en;
			hasScannedForEncodings = 0;
			knownRegions = (
				en,
			);
			mainGroup = 6F143ED421FA3A3200AE55DE;
			productRefGroup = 6F143EDE21FA3A3200AE55DE /* Products */;
			projectDirPath = "";
			projectRoot = "";
			targets = (
				6F143EDC21FA3A3200AE55DE /* imperium-server */,
			);
		};
/* End PBXProject section */

/* Begin PBXSourcesBuildPhase section */
		6F143ED921FA3A3200AE55DE /* Sources */ = {
			isa = PBXSourcesBuildPhase;
			buildActionMask = 2147483647;
			files = (
				6F1441E521FA3AC600AE55DE /* IdleMission.m in Sources */,
				6F1441D121FA3AC600AE55DE /* TimeCondition.m in Sources */,
				6F1441F221FA3AC600AE55DE /* ScoutMission.m in Sources */,
				6F14431B21FA3AC600AE55DE /* Objective.m in Sources */,
				6F1441D721FA3AC600AE55DE /* Scenario.m in Sources */,
				6F14420721FA3AC600AE55DE /* VulnerabilityMap.m in Sources */,
				6F1441DE21FA3AC600AE55DE /* Organization.m in Sources */,
				6F1442ED21FA3AC600AE55DE /* ResourceHandler.m in Sources */,
				6F1441D421FA3AC600AE55DE /* DestroyUnitCondition.m in Sources */,
				6F14420421FA3AC600AE55DE /* InfluenceMap.m in Sources */,
				6F1441D221FA3AC600AE55DE /* MultiplayerCasualtiesCondition.m in Sources */,
				6F1441FA21FA3AC600AE55DE /* PotentialField.m in Sources */,
				6F1441D821FA3AC600AE55DE /* HoldAllObjectivesCondition.m in Sources */,
				6F1441D921FA3AC600AE55DE /* TutorialCondition.m in Sources */,
				6F1442EB21FA3AC600AE55DE /* MapReader.m in Sources */,
				6F1441E421FA3AC600AE55DE /* CombatMission.m in Sources */,
				6F1442FD21FA3AC600AE55DE /* ReadyToStartPacket.m in Sources */,
				6F1442FC21FA3AC600AE55DE /* WindPacket.m in Sources */,
				6F1441ED21FA3AC600AE55DE /* AssaultMission.m in Sources */,
				6F1441E621FA3AC600AE55DE /* Mission.m in Sources */,
				6F1441EB21FA3AC600AE55DE /* AdvanceMission.m in Sources */,
				6F14432221FE16F100AE55DE /* Smoke.m in Sources */,
				6F14430021FA3AC600AE55DE /* JoinPacket.m in Sources */,
				6F14420221FA3AC600AE55DE /* PathNodePriorityQueue.m in Sources */,
				6F1442FA21FA3AC600AE55DE /* TcpNetworkHandler.m in Sources */,
				6F1442F121FA3AC600AE55DE /* MeleePacket.m in Sources */,
				6F1442FE21FA3AC600AE55DE /* GameEndedPacket.m in Sources */,
				6F14431121FA3AC600AE55DE /* House.m in Sources */,
				6F1442FF21FA3AC600AE55DE /* SetupUnitsPacket.m in Sources */,
				6F1442FB21FA3AC600AE55DE /* AnnouncePacket.m in Sources */,
				6F1441F821FA3AC600AE55DE /* ResultLayer.m in Sources */,
				6F1442F721FA3AC600AE55DE /* UdpPacket.m in Sources */,
				6F1441FE21FA3AC600AE55DE /* EnemyLayer.m in Sources */,
				6F1441F621FA3AC600AE55DE /* Engine.m in Sources */,
				6F1442DA21FA3AC600AE55DE /* Clock.m in Sources */,
				6F1441FD21FA3AC600AE55DE /* PotentialFieldLayer.m in Sources */,
				6F14420B21FA3AC600AE55DE /* FrontlineMap.m in Sources */,
				6F1441DA21FA3AC600AE55DE /* Weapon.m in Sources */,
				6F1442F521FA3AC600AE55DE /* FirePacket.m in Sources */,
				6F1441E921FA3AC600AE55DE /* RoutMission.m in Sources */,
				6F14420C21FA3AC600AE55DE /* MapBase.m in Sources */,
				6F1441DC21FA3AC600AE55DE /* UnitDefinition.m in Sources */,
				6F1441E721FA3AC600AE55DE /* RotateMission.m in Sources */,
				6F14430321FA3AC600AE55DE /* LeavePacket.m in Sources */,
				6F14430121FA3AC600AE55DE /* LoginPacket.m in Sources */,
				6F1441E321FA3AC600AE55DE /* FireMission.m in Sources */,
				6F1441F021FA3AC600AE55DE /* SmokeMission.m in Sources */,
				6F1442EC21FA3AC600AE55DE /* ResourceDownloader.m in Sources */,
				6F1441EA21FA3AC600AE55DE /* ChangeModeMission.m in Sources */,
				6F1441E121FA3AC600AE55DE /* AreaFireMission.m in Sources */,
				6F14420E21FA3AC600AE55DE /* InfluenceMapContainer.m in Sources */,
				6F14431D21FA3AC600AE55DE /* main.m in Sources */,
				6F14431E21FA3AC600AE55DE /* ParameterDefinitions.m in Sources */,
				6F1441DF21FA3AC600AE55DE /* Unit.m in Sources */,
				6F1442F921FA3AC600AE55DE /* HostedGame.m in Sources */,
				6F1442F821FA3AC600AE55DE /* UdpNetworkHandler.m in Sources */,
				6F1441CE21FA3AC600AE55DE /* Globals.m in Sources */,
				6F14431221FA3AC600AE55DE /* BaseTerrain.m in Sources */,
				6F1442F321FA3AC600AE55DE /* SmokePacket.m in Sources */,
				6F1441DB21FA3AC600AE55DE /* Army.m in Sources */,
				6F1442F621FA3AC600AE55DE /* ServerPingPacket.m in Sources */,
				6F1441E821FA3AC600AE55DE /* MeleeMission.m in Sources */,
				6F1441EC21FA3AC600AE55DE /* MoveMission.m in Sources */,
				6F14431C21FA3AC600AE55DE /* Message.m in Sources */,
				6F14420521FA3AC600AE55DE /* InfluenceMapNode.m in Sources */,
				6F1442EA21FA3AC600AE55DE /* GameSerializer.m in Sources */,
				6F1442EE21FA3AC600AE55DE /* PlayerPingPacket.m in Sources */,
				6F1441D321FA3AC600AE55DE /* EscortUnitCondition.m in Sources */,
				6F1441D521FA3AC600AE55DE /* CasualtiesCondition.m in Sources */,
				6F14420021FA3AC600AE55DE /* AI.m in Sources */,
				6F1441D621FA3AC600AE55DE /* MultiplayerTimeCondition.m in Sources */,
				6F14420A21FA3AC600AE55DE /* TensionMap.m in Sources */,
				6F14431721FA3AC600AE55DE /* Map.m in Sources */,
				6F1442F221FA3AC600AE55DE /* MissionPacket.m in Sources */,
				6F14420121FA3AC600AE55DE /* PathFinder.m in Sources */,
				6F1442EF21FA3AC600AE55DE /* PlayerPongPacket.m in Sources */,
				6F1442F021FA3AC600AE55DE /* UnitStatsPacket.m in Sources */,
				6F1441FF21FA3AC600AE55DE /* ObjectivesLayer.m in Sources */,
				6F14431321FA3AC600AE55DE /* VertexList.m in Sources */,
				6F14420921FA3AC600AE55DE /* ObjectivesMap.m in Sources */,
				6F1441E021FA3AC600AE55DE /* Definitions.m in Sources */,
				6F1442F421FA3AC600AE55DE /* SetMissionPacket.m in Sources */,
				6F1441FC21FA3AC600AE55DE /* OwnUnitsLayer.m in Sources */,
				6F1442E921FA3AC600AE55DE /* ScenarioReader.m in Sources */,
				6F1441D021FA3AC600AE55DE /* VictoryCondition.m in Sources */,
				6F1441FB21FA3AC600AE55DE /* FrontLayer.m in Sources */,
				6F14432721FE18B600AE55DE /* CGPointExtension.m in Sources */,
				6F14420621FA3AC600AE55DE /* GoalMap.m in Sources */,
				6F14430221FA3AC600AE55DE /* KeepAlivePacket.m in Sources */,
				6F1441F921FA3AC600AE55DE /* TerrainLayer.m in Sources */,
				6F1441F121FA3AC600AE55DE /* MoveFastMission.m in Sources */,
				6F1441DD21FA3AC600AE55DE /* Path.m in Sources */,
				6F1441F521FA3AC600AE55DE /* LineOfSightData.m in Sources */,
				6F14420D21FA3AC600AE55DE /* UnitStrengthMap.m in Sources */,
				6F1441EF21FA3AC600AE55DE /* RallyMission.m in Sources */,
				6F1442CF21FA3AC600AE55DE /* ParameterHandler.m in Sources */,
				6F14431521FA3AC600AE55DE /* Triangularizer.m in Sources */,
				6F1441F421FA3AC600AE55DE /* LineOfSight.m in Sources */,
				6F14430C21FA3AC600AE55DE /* PolygonNode.m in Sources */,
				6F14431921FA3AC600AE55DE /* AttackResult.m in Sources */,
				6F14420821FA3AC600AE55DE /* ResultMap.m in Sources */,
				6F1441F321FA3AC600AE55DE /* DisorganizedMission.m in Sources */,
				6F1442E721FA3AC600AE55DE /* NSData+Compression.m in Sources */,
				6F14430421FA3AC600AE55DE /* TcpPacket.m in Sources */,
				6F1441EE21FA3AC600AE55DE /* RetreatMission.m in Sources */,
				6F14431421FA3AC600AE55DE /* HitPosition.m in Sources */,
				6F1441CF21FA3AC600AE55DE /* ScoreCounter.m in Sources */,
				6F1442CE21FA3AC600AE55DE /* Player.m in Sources */,
				6F1442E821FA3AC600AE55DE /* ScenarioIndexParser.m in Sources */,
			);
			runOnlyForDeploymentPostprocessing = 0;
		};
/* End PBXSourcesBuildPhase section */

/* Begin XCBuildConfiguration section */
		6F143EE221FA3A3200AE55DE /* Debug */ = {
			isa = XCBuildConfiguration;
			buildSettings = {
				ALWAYS_SEARCH_USER_PATHS = NO;
				CLANG_ANALYZER_NONNULL = YES;
				CLANG_ANALYZER_NUMBER_OBJECT_CONVERSION = YES_AGGRESSIVE;
				CLANG_CXX_LANGUAGE_STANDARD = "gnu++14";
				CLANG_CXX_LIBRARY = "libc++";
				CLANG_ENABLE_MODULES = YES;
				CLANG_ENABLE_OBJC_ARC = YES;
				CLANG_ENABLE_OBJC_WEAK = YES;
				CLANG_WARN_BLOCK_CAPTURE_AUTORELEASING = YES;
				CLANG_WARN_BOOL_CONVERSION = YES;
				CLANG_WARN_COMMA = YES;
				CLANG_WARN_CONSTANT_CONVERSION = YES;
				CLANG_WARN_DEPRECATED_OBJC_IMPLEMENTATIONS = YES;
				CLANG_WARN_DIRECT_OBJC_ISA_USAGE = YES_ERROR;
				CLANG_WARN_DOCUMENTATION_COMMENTS = YES;
				CLANG_WARN_EMPTY_BODY = YES;
				CLANG_WARN_ENUM_CONVERSION = YES;
				CLANG_WARN_INFINITE_RECURSION = YES;
				CLANG_WARN_INT_CONVERSION = YES;
				CLANG_WARN_NON_LITERAL_NULL_CONVERSION = YES;
				CLANG_WARN_OBJC_IMPLICIT_RETAIN_SELF = YES;
				CLANG_WARN_OBJC_LITERAL_CONVERSION = YES;
				CLANG_WARN_OBJC_ROOT_CLASS = YES_ERROR;
				CLANG_WARN_RANGE_LOOP_ANALYSIS = YES;
				CLANG_WARN_STRICT_PROTOTYPES = YES;
				CLANG_WARN_SUSPICIOUS_MOVE = YES;
				CLANG_WARN_UNGUARDED_AVAILABILITY = YES_AGGRESSIVE;
				CLANG_WARN_UNREACHABLE_CODE = YES;
				CLANG_WARN__DUPLICATE_METHOD_MATCH = YES;
				CODE_SIGN_IDENTITY = "Mac Developer";
				COPY_PHASE_STRIP = NO;
				DEBUG_INFORMATION_FORMAT = dwarf;
				ENABLE_STRICT_OBJC_MSGSEND = YES;
				ENABLE_TESTABILITY = YES;
				GCC_C_LANGUAGE_STANDARD = gnu11;
				GCC_DYNAMIC_NO_PIC = NO;
				GCC_NO_COMMON_BLOCKS = YES;
				GCC_OPTIMIZATION_LEVEL = 0;
				GCC_PREPROCESSOR_DEFINITIONS = (
					"DEBUG=1",
					"$(inherited)",
				);
				GCC_WARN_64_TO_32_BIT_CONVERSION = YES;
				GCC_WARN_ABOUT_RETURN_TYPE = YES_ERROR;
				GCC_WARN_UNDECLARED_SELECTOR = YES;
				GCC_WARN_UNINITIALIZED_AUTOS = YES_AGGRESSIVE;
				GCC_WARN_UNUSED_FUNCTION = YES;
				GCC_WARN_UNUSED_VARIABLE = YES;
				MACOSX_DEPLOYMENT_TARGET = 10.14;
				MTL_ENABLE_DEBUG_INFO = INCLUDE_SOURCE;
				MTL_FAST_MATH = YES;
				ONLY_ACTIVE_ARCH = YES;
				SDKROOT = macosx;
			};
			name = Debug;
		};
		6F143EE321FA3A3200AE55DE /* Release */ = {
			isa = XCBuildConfiguration;
			buildSettings = {
				ALWAYS_SEARCH_USER_PATHS = NO;
				CLANG_ANALYZER_NONNULL = YES;
				CLANG_ANALYZER_NUMBER_OBJECT_CONVERSION = YES_AGGRESSIVE;
				CLANG_CXX_LANGUAGE_STANDARD = "gnu++14";
				CLANG_CXX_LIBRARY = "libc++";
				CLANG_ENABLE_MODULES = YES;
				CLANG_ENABLE_OBJC_ARC = YES;
				CLANG_ENABLE_OBJC_WEAK = YES;
				CLANG_WARN_BLOCK_CAPTURE_AUTORELEASING = YES;
				CLANG_WARN_BOOL_CONVERSION = YES;
				CLANG_WARN_COMMA = YES;
				CLANG_WARN_CONSTANT_CONVERSION = YES;
				CLANG_WARN_DEPRECATED_OBJC_IMPLEMENTATIONS = YES;
				CLANG_WARN_DIRECT_OBJC_ISA_USAGE = YES_ERROR;
				CLANG_WARN_DOCUMENTATION_COMMENTS = YES;
				CLANG_WARN_EMPTY_BODY = YES;
				CLANG_WARN_ENUM_CONVERSION = YES;
				CLANG_WARN_INFINITE_RECURSION = YES;
				CLANG_WARN_INT_CONVERSION = YES;
				CLANG_WARN_NON_LITERAL_NULL_CONVERSION = YES;
				CLANG_WARN_OBJC_IMPLICIT_RETAIN_SELF = YES;
				CLANG_WARN_OBJC_LITERAL_CONVERSION = YES;
				CLANG_WARN_OBJC_ROOT_CLASS = YES_ERROR;
				CLANG_WARN_RANGE_LOOP_ANALYSIS = YES;
				CLANG_WARN_STRICT_PROTOTYPES = YES;
				CLANG_WARN_SUSPICIOUS_MOVE = YES;
				CLANG_WARN_UNGUARDED_AVAILABILITY = YES_AGGRESSIVE;
				CLANG_WARN_UNREACHABLE_CODE = YES;
				CLANG_WARN__DUPLICATE_METHOD_MATCH = YES;
				CODE_SIGN_IDENTITY = "Mac Developer";
				COPY_PHASE_STRIP = NO;
				DEBUG_INFORMATION_FORMAT = "dwarf-with-dsym";
				ENABLE_NS_ASSERTIONS = NO;
				ENABLE_STRICT_OBJC_MSGSEND = YES;
				GCC_C_LANGUAGE_STANDARD = gnu11;
				GCC_NO_COMMON_BLOCKS = YES;
				GCC_WARN_64_TO_32_BIT_CONVERSION = YES;
				GCC_WARN_ABOUT_RETURN_TYPE = YES_ERROR;
				GCC_WARN_UNDECLARED_SELECTOR = YES;
				GCC_WARN_UNINITIALIZED_AUTOS = YES_AGGRESSIVE;
				GCC_WARN_UNUSED_FUNCTION = YES;
				GCC_WARN_UNUSED_VARIABLE = YES;
				MACOSX_DEPLOYMENT_TARGET = 10.14;
				MTL_ENABLE_DEBUG_INFO = NO;
				MTL_FAST_MATH = YES;
				SDKROOT = macosx;
			};
			name = Release;
		};
		6F143EE521FA3A3200AE55DE /* Debug */ = {
			isa = XCBuildConfiguration;
			buildSettings = {
				CODE_SIGN_STYLE = Automatic;
				DEVELOPMENT_TEAM = 4725WV3RB4;
				PRODUCT_NAME = "$(TARGET_NAME)";
			};
			name = Debug;
		};
		6F143EE621FA3A3200AE55DE /* Release */ = {
			isa = XCBuildConfiguration;
			buildSettings = {
				CODE_SIGN_STYLE = Automatic;
				DEVELOPMENT_TEAM = 4725WV3RB4;
				PRODUCT_NAME = "$(TARGET_NAME)";
			};
			name = Release;
		};
/* End XCBuildConfiguration section */

/* Begin XCConfigurationList section */
		6F143ED821FA3A3200AE55DE /* Build configuration list for PBXProject "imperium-server" */ = {
			isa = XCConfigurationList;
			buildConfigurations = (
				6F143EE221FA3A3200AE55DE /* Debug */,
				6F143EE321FA3A3200AE55DE /* Release */,
			);
			defaultConfigurationIsVisible = 0;
			defaultConfigurationName = Release;
		};
		6F143EE421FA3A3200AE55DE /* Build configuration list for PBXNativeTarget "imperium-server" */ = {
			isa = XCConfigurationList;
			buildConfigurations = (
				6F143EE521FA3A3200AE55DE /* Debug */,
				6F143EE621FA3A3200AE55DE /* Release */,
			);
			defaultConfigurationIsVisible = 0;
			defaultConfigurationName = Release;
		};
/* End XCConfigurationList section */
	};
	rootObject = 6F143ED521FA3A3200AE55DE /* Project object */;
}
